// !$*UTF8*$!
{
	archiveVersion = 1;
	classes = {
	};
	objectVersion = 77;
	objects = {

/* Begin PBXBuildFile section */
		02820FE626391AF6ED793539 /* DashboardView.swift in Sources */ = {isa = PBXBuildFile; fileRef = 96E4658275B0BB02DEE8C7EA /* DashboardView.swift */; };
		02C2B00B64D2CD3DD6185B9A /* DocumentDirtyTracker.swift in Sources */ = {isa = PBXBuildFile; fileRef = 69BA467836A257651957AC30 /* DocumentDirtyTracker.swift */; };
		046BD734F3EFBCFEDF38AF56 /* SoldInventoryView.swift in Sources */ = {isa = PBXBuildFile; fileRef = D6A64976B35617FA1A3757B4 /* SoldInventoryView.swift */; };
		07B845F1AA0F5EE6AF6CF6D0 /* String+Helpers.swift in Sources */ = {isa = PBXBuildFile; fileRef = 35FA9BB5D29646A37FED67D4 /* String+Helpers.swift */; };
		0A9A8B7657619F2BB1632938 /* BulkEditSheet.swift in Sources */ = {isa = PBXBuildFile; fileRef = 93565BA01F92A9C0A0AF4954 /* BulkEditSheet.swift */; };
		0D03B2B204E8B94FD9BE5B47 /* AccountingViewModel.swift in Sources */ = {isa = PBXBuildFile; fileRef = F0B08E7202314CCAB62D6B4B /* AccountingViewModel.swift */; };
		0E22C31C27AC813031FCE9B9 /* AppShellView.swift in Sources */ = {isa = PBXBuildFile; fileRef = 4C520DBB8403C8EC32DDD058 /* AppShellView.swift */; };
		0E499D6C15EA875729D18B9A /* GradientButtonStyle.swift in Sources */ = {isa = PBXBuildFile; fileRef = 325C18F3512961657BDAD856 /* GradientButtonStyle.swift */; };
		0ED668E60356DA0484B31263 /* StoneShape.swift in Sources */ = {isa = PBXBuildFile; fileRef = 98BA838D1EBFB0FC5CD952B0 /* StoneShape.swift */; };
		0FCE57C035CE5E45350AC3BF /* GlassCard.swift in Sources */ = {isa = PBXBuildFile; fileRef = AAD2476C55F79206377ADE3C /* GlassCard.swift */; };
		1002EA4486B8EE5755776E11 /* ReferenceNumberGenerator.swift in Sources */ = {isa = PBXBuildFile; fileRef = F5EC08686561C814F4638EFB /* ReferenceNumberGenerator.swift */; };
		10B427329AA2467F2FDC9AE6 /* TableHeader.swift in Sources */ = {isa = PBXBuildFile; fileRef = FBCAA0A67DB386B1FD7A631C /* TableHeader.swift */; };
		11D65FEC67131E2B7B7A86B9 /* GemstonesInventoryView.swift in Sources */ = {isa = PBXBuildFile; fileRef = 51E9AFFB3AAD9F806B0F2A13 /* GemstonesInventoryView.swift */; };
		11FE247A849C307366FBD722 /* ScannerViewModel.swift in Sources */ = {isa = PBXBuildFile; fileRef = 9B301F1FBF670487313AA823 /* ScannerViewModel.swift */; };
		1238BCEA0A0DDE5D897FA376 /* RecentActivityList.swift in Sources */ = {isa = PBXBuildFile; fileRef = 667B98EBC03A1403A73B6FA0 /* RecentActivityList.swift */; };
		131475971AEAEAA1815CF268 /* RFIDManager.swift in Sources */ = {isa = PBXBuildFile; fileRef = 96D844385E3F6295552E81B9 /* RFIDManager.swift */; };
		131B6C26CA0C486F3426BAC2 /* StoneFormViewModel.swift in Sources */ = {isa = PBXBuildFile; fileRef = D2AF4D46115756F206DD89A7 /* StoneFormViewModel.swift */; };
		1489D08237C341F76A599448 /* GemstoneStatus.swift in Sources */ = {isa = PBXBuildFile; fileRef = DBD18A2A4E61A928E95DB592 /* GemstoneStatus.swift */; };
		14913C4FE0D6647E9DDF6F02 /* TransactionService.swift in Sources */ = {isa = PBXBuildFile; fileRef = 839D3C084D42E8BF25F18F4B /* TransactionService.swift */; };
		14CC1929E412754E2E088A23 /* GlassBackgroundModifier.swift in Sources */ = {isa = PBXBuildFile; fileRef = 02CB667D10C57F1B9EB42D6F /* GlassBackgroundModifier.swift */; };
		15A41E4907E9D23F0DF4E6D8 /* RapNetSyncService.swift in Sources */ = {isa = PBXBuildFile; fileRef = 37C8478546F6844253099BD0 /* RapNetSyncService.swift */; };
		16356103918657A1C69BC698 /* GlassFieldModifier.swift in Sources */ = {isa = PBXBuildFile; fileRef = F178839EE6951B96D2016337 /* GlassFieldModifier.swift */; };
		180E46B09947DC1253EAB51F /* CSVImportService.swift in Sources */ = {isa = PBXBuildFile; fileRef = 38BCD93D7AB62CF23C687BB7 /* CSVImportService.swift */; };
		1891021B0BF06E2AE1F66315 /* CustomerProfitabilityView.swift in Sources */ = {isa = PBXBuildFile; fileRef = B3C9A7906E2C77645F50D12A /* CustomerProfitabilityView.swift */; };
		1989853CA2BB15A70FADE321 /* CustomerListViewModel.swift in Sources */ = {isa = PBXBuildFile; fileRef = 9036CD16C22CE2FC676144FB /* CustomerListViewModel.swift */; };
		1AD6BCD3E24600CDE8EA3E63 /* FormPicker.swift in Sources */ = {isa = PBXBuildFile; fileRef = A8F7920833CBAAF2162B157B /* FormPicker.swift */; };
		1BE2DAC96C3940E8D35B2D7E /* CurrencyType.swift in Sources */ = {isa = PBXBuildFile; fileRef = 62B99186D49AA8B177AE260B /* CurrencyType.swift */; };
		1CD0AE33C4EAFD6907195D3F /* SidebarView.swift in Sources */ = {isa = PBXBuildFile; fileRef = 2ECF159A5FC31BBD9D068E1C /* SidebarView.swift */; };
		1D3823E437D7D660EE2A4797 /* PDFService.swift in Sources */ = {isa = PBXBuildFile; fileRef = DD9E6F4BB3CB6A102CD30AEB /* PDFService.swift */; };
		1ED84C0E9FD45192AA89D070 /* MemoListView.swift in Sources */ = {isa = PBXBuildFile; fileRef = F0FC22A075D95D822A554438 /* MemoListView.swift */; };
		216D6C68138124D12036364A /* Date+Formatting.swift in Sources */ = {isa = PBXBuildFile; fileRef = 8489F9C807B253C5094D7363 /* Date+Formatting.swift */; };
		220119E875D04B6378A1498D /* StoneGrouping.swift in Sources */ = {isa = PBXBuildFile; fileRef = C3DCED9AB17D0D229DE8F7A1 /* StoneGrouping.swift */; };
		224164B0761903768AB32148 /* AgingBucketDetailSheet.swift in Sources */ = {isa = PBXBuildFile; fileRef = 33DC9506698175A88F4F4652 /* AgingBucketDetailSheet.swift */; };
		22B743D4CDCC2F75AB7F865C /* MemoRoutes.swift in Sources */ = {isa = PBXBuildFile; fileRef = 2E2B071BCC76EE4FED2E41FA /* MemoRoutes.swift */; };
		22F0D123BC129C779B9FA8FE /* Date+Relative.swift in Sources */ = {isa = PBXBuildFile; fileRef = BA586950C6BEDF816ADF42D7 /* Date+Relative.swift */; };
		22F23D9F8E802FBD936767BE /* AppTypography.swift in Sources */ = {isa = PBXBuildFile; fileRef = 4F57C93F3894AAE530F52820 /* AppTypography.swift */; };
		23951F01C43E402CAB6E0F32 /* ReportsView.swift in Sources */ = {isa = PBXBuildFile; fileRef = 64149EBA82CE3BA94BAB9BA4 /* ReportsView.swift */; };
		250D560298DA3BBD70C0F1B1 /* DashboardInfoPanel.swift in Sources */ = {isa = PBXBuildFile; fileRef = F82174E0400A9FC9A87E6B78 /* DashboardInfoPanel.swift */; };
		2599CD0D0A9C81E5D79D2ADE /* LotService.swift in Sources */ = {isa = PBXBuildFile; fileRef = 8D1AB12068D6098DAB4A22A3 /* LotService.swift */; };
		26F4350DF12DABAC78445B20 /* SKUGenerator.swift in Sources */ = {isa = PBXBuildFile; fileRef = 32D04B1F807ECBF7399A1576 /* SKUGenerator.swift */; };
		2A09F23C27BC6C7C770B9352 /* EditableLineItemRow.swift in Sources */ = {isa = PBXBuildFile; fileRef = DF52535A188C64A84EADF9EE /* EditableLineItemRow.swift */; };
		2A0DDDDABE302401802C1A68 /* QuickActionsGrid.swift in Sources */ = {isa = PBXBuildFile; fileRef = EDF43F66FC7402DC31864900 /* QuickActionsGrid.swift */; };
		2AB076B178140D5D6E08687A /* InvoiceWindowView.swift in Sources */ = {isa = PBXBuildFile; fileRef = 7DAC44C95038D141D0930061 /* InvoiceWindowView.swift */; };
		2DF420A52C9709593A2A50CA /* ToastOverlay.swift in Sources */ = {isa = PBXBuildFile; fileRef = 0BCAC0BEB1EAB0CD639D6FA2 /* ToastOverlay.swift */; };
		2E40205CB293FB5D0F8C1BBC /* StoneTypeBadge.swift in Sources */ = {isa = PBXBuildFile; fileRef = 3A9555B15E90483AC30BCFAC /* StoneTypeBadge.swift */; };
		2F4FB98D7BC8F79ABD16DDA7 /* StoneType.swift in Sources */ = {isa = PBXBuildFile; fileRef = EA6B133B323D833E799468EA /* StoneType.swift */; };
		2F513ACE5EF0CD69A1C7B7D1 /* AppLogger.swift in Sources */ = {isa = PBXBuildFile; fileRef = 5C6A68A6B6618F2262EC858E /* AppLogger.swift */; };
		2F7BEB794576611CF1605802 /* HistoryEventType.swift in Sources */ = {isa = PBXBuildFile; fileRef = 0C6A26598A73007FDECAF109 /* HistoryEventType.swift */; };
		303AE869A631CC57C6648528 /* InventoryListView.swift in Sources */ = {isa = PBXBuildFile; fileRef = 0802F6FC50765CEE19C0FB4E /* InventoryListView.swift */; };
		320A9924011B5A7B3F4013C3 /* InvoiceStatus.swift in Sources */ = {isa = PBXBuildFile; fileRef = A5AD9B9980F9121A678A0051 /* InvoiceStatus.swift */; };
		3343E4D7FA6F7E7D98EDB8B3 /* ShimmerView.swift in Sources */ = {isa = PBXBuildFile; fileRef = 60E495D2C94F3357978ED2B1 /* ShimmerView.swift */; };
		33A389AF89C4C2138E449298 /* RFIDTag.swift in Sources */ = {isa = PBXBuildFile; fileRef = 3AC2C8DCD1516CDC38886FFC /* RFIDTag.swift */; };
		3566B3C5B8A48E4FDB40B557 /* FilterPreset.swift in Sources */ = {isa = PBXBuildFile; fileRef = A11407626D2258BD7C3092EC /* FilterPreset.swift */; };
		3D307A1BC98BE9AC401B8979 /* Payment.swift in Sources */ = {isa = PBXBuildFile; fileRef = 6983F38D7795AC6D3DF1449A /* Payment.swift */; };
		3E7253792457246D6128E747 /* MemoDocumentView.swift in Sources */ = {isa = PBXBuildFile; fileRef = 5E0F40EC01C97C5209D4F80E /* MemoDocumentView.swift */; };
		3EAD38A014DAAD9ECA8D116F /* CustomerFormSheet.swift in Sources */ = {isa = PBXBuildFile; fileRef = C0D3AC4AEFD6246352AEA546 /* CustomerFormSheet.swift */; };
		3F9372EEFCB919D59C09C959 /* CompanySettingsView.swift in Sources */ = {isa = PBXBuildFile; fileRef = 9C951A2C6D4936DCB60254A7 /* CompanySettingsView.swift */; };
		43387DB5F7418C1F49F5CAD8 /* Customer.swift in Sources */ = {isa = PBXBuildFile; fileRef = 07A771D99AF395E25A383305 /* Customer.swift */; };
		436F99D45D27661335B549B6 /* DiamondsInventoryView.swift in Sources */ = {isa = PBXBuildFile; fileRef = 5831C493F0619CB48CD8EA23 /* DiamondsInventoryView.swift */; };
		438CB430621BF2CE8D98529F /* SystemRoutes.swift in Sources */ = {isa = PBXBuildFile; fileRef = 5A289416B00D8AAD14EABADF /* SystemRoutes.swift */; };
		4AA03722527B59077F9F5F76 /* CustomerActivityView.swift in Sources */ = {isa = PBXBuildFile; fileRef = 37C8229F5E0621428EC77070 /* CustomerActivityView.swift */; };
		4B2BE11085FE92583CC52B7D /* CustomerListView.swift in Sources */ = {isa = PBXBuildFile; fileRef = 75E8694EA6DA5A3AF102B5B6 /* CustomerListView.swift */; };
		4CDFD38B6F9916CC5D3C7FBB /* APIServer.swift in Sources */ = {isa = PBXBuildFile; fileRef = D682A424EF5064E67BF38856 /* APIServer.swift */; };
		5041255737768DE30B3309AD /* HoverRow.swift in Sources */ = {isa = PBXBuildFile; fileRef = AA238D2CE296E7F838340CCD /* HoverRow.swift */; };
		51EC36E15A04440AAE4286B7 /* ReportExportService.swift in Sources */ = {isa = PBXBuildFile; fileRef = D5808D2AEC55AAB4870FC160 /* ReportExportService.swift */; };
		5230523037E4A195FA18008D /* StoneFormView.swift in Sources */ = {isa = PBXBuildFile; fileRef = 1DCDE31D32F68887B83C97E2 /* StoneFormView.swift */; };
		5314BCD3CD1F70801DB53110 /* ShareService.swift in Sources */ = {isa = PBXBuildFile; fileRef = 007E008692CAF273468B3771 /* ShareService.swift */; };
		57B36C9037EA951332C0C6C7 /* ReconcileViewModel.swift in Sources */ = {isa = PBXBuildFile; fileRef = 8AD0042F0425A31D03D81B15 /* ReconcileViewModel.swift */; };
		58D4B1FEBCB4D268F7209011 /* EmptyStateView.swift in Sources */ = {isa = PBXBuildFile; fileRef = 7220B21A25317D921736B773 /* EmptyStateView.swift */; };
		5A35814DAD47C9CDE9833234 /* InventoryRoutes.swift in Sources */ = {isa = PBXBuildFile; fileRef = 565A4EA28FA3E61AE96AF9A5 /* InventoryRoutes.swift */; };
		5D4252BCD24FFD3E613925DB /* LotSelectSheet.swift in Sources */ = {isa = PBXBuildFile; fileRef = C830FBAB085D765E82A476A2 /* LotSelectSheet.swift */; };
		5F3BE4F310544777811FC6D1 /* ReviewQueueView.swift in Sources */ = {isa = PBXBuildFile; fileRef = F515C70472941C4AA201004D /* ReviewQueueView.swift */; };
		60C579DAE5AF53817B68B7CE /* CustomerRoutes.swift in Sources */ = {isa = PBXBuildFile; fileRef = F47C7B47FF4216140BA21E5A /* CustomerRoutes.swift */; };
		6116FC288943681414267CB7 /* InventoryTurnoverView.swift in Sources */ = {isa = PBXBuildFile; fileRef = 7CF324231D372B593459E1DE /* InventoryTurnoverView.swift */; };
		6190D114C77309087D80EF3C /* AppAnimation.swift in Sources */ = {isa = PBXBuildFile; fileRef = DED693A192ADD983C01E381E /* AppAnimation.swift */; };
		625E118C5D6B61E937EDD8D4 /* DemoDataService.swift in Sources */ = {isa = PBXBuildFile; fileRef = 90E295BFAC2A9465729BDF0A /* DemoDataService.swift */; };
		63CD328302DF899DDE94627F /* NavigationItem.swift in Sources */ = {isa = PBXBuildFile; fileRef = 4A40AC13F11AC3673A4A1587 /* NavigationItem.swift */; };
		64B8C9AFC1F6C00E988DF60D /* PLReportView.swift in Sources */ = {isa = PBXBuildFile; fileRef = 86B1221016374D919DB5E08F /* PLReportView.swift */; };
		655199E393D8F081A7941A84 /* RFIDLifecycleStatus.swift in Sources */ = {isa = PBXBuildFile; fileRef = F8D30989C55A226CF4F6D747 /* RFIDLifecycleStatus.swift */; };
		66FF1931D85581CE3FA6E272 /* UnknownTagAssignSheet.swift in Sources */ = {isa = PBXBuildFile; fileRef = A1615490722ED65602953FB1 /* UnknownTagAssignSheet.swift */; };
		67B2AAA74D6698A0B1B91324 /* LotInventoryViewModel.swift in Sources */ = {isa = PBXBuildFile; fileRef = 626E3D17936BF2108324AF28 /* LotInventoryViewModel.swift */; };
		6AA436000DB086EE953682C6 /* LotTransaction.swift in Sources */ = {isa = PBXBuildFile; fileRef = C3E2B54397410243BBF48929 /* LotTransaction.swift */; };
		6D6FA2C068306A4AA0754718 /* StatusBadge.swift in Sources */ = {isa = PBXBuildFile; fileRef = C5CDFA11A960E91FB0A818F3 /* StatusBadge.swift */; };
		6E9460794A680AD3E74BE51D /* Gemstone.swift in Sources */ = {isa = PBXBuildFile; fileRef = 865F7818A0D127059D5F79E6 /* Gemstone.swift */; };
		704EA8B88F9067AFFABB8960 /* GlossaryView.swift in Sources */ = {isa = PBXBuildFile; fileRef = 2A8AAC8B96F94CF3DABE9258 /* GlossaryView.swift */; };
		717CAAB020950BAFFAC34D41 /* DashboardRoutes.swift in Sources */ = {isa = PBXBuildFile; fileRef = 039BCEED1B46423BA633D16A /* DashboardRoutes.swift */; };
		72AD8359D7575C77CFE5B1CF /* MemoService.swift in Sources */ = {isa = PBXBuildFile; fileRef = F62E27E8FE9B3748CF06DC50 /* MemoService.swift */; };
		72DDA78BD6DCEBA65A238C75 /* LineItem.swift in Sources */ = {isa = PBXBuildFile; fileRef = 816074071ED96F056B1712EA /* LineItem.swift */; };
		748169DF4ED8777BCBEC80AF /* Invoice.swift in Sources */ = {isa = PBXBuildFile; fileRef = 230BF8E5988671BEFE23C0E0 /* Invoice.swift */; };
		75DCAB009D62E00D1737C994 /* AccountingView.swift in Sources */ = {isa = PBXBuildFile; fileRef = E5FBD15DCE21EE1BD176D04F /* AccountingView.swift */; };
		76146595A695A198CD2574FC /* SortableViewModel.swift in Sources */ = {isa = PBXBuildFile; fileRef = FB788FFE84CBD6FB2D45A564 /* SortableViewModel.swift */; };
		7975E425CB137B9FE818E3DF /* InputValidator.swift in Sources */ = {isa = PBXBuildFile; fileRef = 6D45A3823E9EF2FE28178AC3 /* InputValidator.swift */; };
		79D64E872448970E69F593C9 /* FilterPill.swift in Sources */ = {isa = PBXBuildFile; fileRef = 9E7B6A77056D754FF2151496 /* FilterPill.swift */; };
		7DF3A45CF5D57B294A215367 /* PaymentMethod.swift in Sources */ = {isa = PBXBuildFile; fileRef = 553A8056539CC98603A3A6EC /* PaymentMethod.swift */; };
		7E295706AFD620C12A948AC9 /* LotTransactionType.swift in Sources */ = {isa = PBXBuildFile; fileRef = 9453E5A1BB6929896AE1BE0A /* LotTransactionType.swift */; };
		7EA01D623D3136817EE57733 /* InventorySelectSheet.swift in Sources */ = {isa = PBXBuildFile; fileRef = C9299C8922C00C4B986D2EF8 /* InventorySelectSheet.swift */; };
		7EB45EAE9544AE22B7990EA6 /* RapNetSettingsView.swift in Sources */ = {isa = PBXBuildFile; fileRef = 1F3818E4471F1235B71AE81E /* RapNetSettingsView.swift */; };
		7EBBF92F4898FA347D76981A /* InvoiceDocumentView.swift in Sources */ = {isa = PBXBuildFile; fileRef = 977283232FDCB4E0C4840013 /* InvoiceDocumentView.swift */; };
		7EC09767EE9FDF645E7BED24 /* ReconcileView.swift in Sources */ = {isa = PBXBuildFile; fileRef = 98536087CF99CCD213E1EA5F /* ReconcileView.swift */; };
		8265C59EFCCF39D6AA1F221F /* ErrorMapper.swift in Sources */ = {isa = PBXBuildFile; fileRef = 68C8D448759F3A55942EAE97 /* ErrorMapper.swift */; };
		82EC0525E8F0CC297615CDB9 /* RapNetExportService.swift in Sources */ = {isa = PBXBuildFile; fileRef = 986AD062E8ECA39F9679B057 /* RapNetExportService.swift */; };
		832F16AE8FFC3D579CCCFD2B /* ScannerView.swift in Sources */ = {isa = PBXBuildFile; fileRef = 0AE8B1FC546208EE8FE5FE4D /* ScannerView.swift */; };
		83EA0138A6C10867A3530322 /* InvoiceListView.swift in Sources */ = {isa = PBXBuildFile; fileRef = 9060984B3BD60113BC717CB0 /* InvoiceListView.swift */; };
		8445D20A1BA1A80DA0B7384E /* OutlineButtonStyle.swift in Sources */ = {isa = PBXBuildFile; fileRef = 37BDB32F92A33062485FDE23 /* OutlineButtonStyle.swift */; };
		915FCD9FD44A8534B1251376 /* APIRouter.swift in Sources */ = {isa = PBXBuildFile; fileRef = 706E45B47AFF9AD78C6EFC5B /* APIRouter.swift */; };
		931FFC237CBE06B9BBE6EDCB /* LotInventoryView.swift in Sources */ = {isa = PBXBuildFile; fileRef = 25CDDAACE2FF674CA40DBD20 /* LotInventoryView.swift */; };
		93CD500C054E8BD27DE046F9 /* APIResponse.swift in Sources */ = {isa = PBXBuildFile; fileRef = D68F1D547FE2DDC5E017AD43 /* APIResponse.swift */; };
		9420EE5E15188B81396103F2 /* InvoiceService.swift in Sources */ = {isa = PBXBuildFile; fileRef = 0F92992A54A6B3F94585D300 /* InvoiceService.swift */; };
		94757921694BFB20D9094247 /* TransactionEditorViewModel.swift in Sources */ = {isa = PBXBuildFile; fileRef = F904E2E169D04A5E12A9BA24 /* TransactionEditorViewModel.swift */; };
		9574F276BFBFEB86FD242007 /* StoneDescriptionBuilder.swift in Sources */ = {isa = PBXBuildFile; fileRef = 1C64C9459C79A0894AC0F0F0 /* StoneDescriptionBuilder.swift */; };
		983E49E5F8888D2FC01A3A1B /* QDIGemstoneERPApp.swift in Sources */ = {isa = PBXBuildFile; fileRef = 0C4BC3BE124CB7474DC325DA /* QDIGemstoneERPApp.swift */; };
		98D7F9952F6786EA9D83D041 /* RFIDCoordinator.swift in Sources */ = {isa = PBXBuildFile; fileRef = 6538A7C8468B6A5E43E91FE9 /* RFIDCoordinator.swift */; };
		A237AB362CAD8E17845BCC34 /* QuickEntryView.swift in Sources */ = {isa = PBXBuildFile; fileRef = 4D8C27FE3D81DB349A0639CD /* QuickEntryView.swift */; };
		A2514E098351502ACF15BA47 /* GlassSearchField.swift in Sources */ = {isa = PBXBuildFile; fileRef = F52F24F5AFF74620899B4F36 /* GlassSearchField.swift */; };
		A383795AC369B77EC9CBE678 /* InvoiceRoutes.swift in Sources */ = {isa = PBXBuildFile; fileRef = BAB45A470C117BD693FBF56B /* InvoiceRoutes.swift */; };
		A53B4FF570C732F5F44679AA /* RFIDService.swift in Sources */ = {isa = PBXBuildFile; fileRef = 1BB4A70485C8693503BFC503 /* RFIDService.swift */; };
		A5AC4B481FE072F735912275 /* RapNetAPIService.swift in Sources */ = {isa = PBXBuildFile; fileRef = C7D4C3B6657EA65471DAB44C /* RapNetAPIService.swift */; };
		AAF4F8C7361C8E5C96483987 /* EPCanonical.swift in Sources */ = {isa = PBXBuildFile; fileRef = 78DFE5A014C55EA551D7D16D /* EPCanonical.swift */; };
		ADE644F1B38D59234715CA9B /* SectionHeader.swift in Sources */ = {isa = PBXBuildFile; fileRef = 82D39A3810995F0A808EB202 /* SectionHeader.swift */; };
		AEB120D968D7BF9F4F12AA4B /* InventoryViewModel.swift in Sources */ = {isa = PBXBuildFile; fileRef = 10E5E8CE863390404948AA94 /* InventoryViewModel.swift */; };
		B02FE4C6341F52FB20F7C3A6 /* MemoWindowView.swift in Sources */ = {isa = PBXBuildFile; fileRef = E32BF5EC574469A8D3977C5F /* MemoWindowView.swift */; };
		B15F66E68D3C2F70256ADFF0 /* BatchPDFExporter.swift in Sources */ = {isa = PBXBuildFile; fileRef = 1B347B683BC41A381BAA1F00 /* BatchPDFExporter.swift */; };
		B34DB3A3FF936FA5FFC60998 /* InvoiceListViewModel.swift in Sources */ = {isa = PBXBuildFile; fileRef = EFB2959E2E58627DBE83E661 /* InvoiceListViewModel.swift */; };
		B5E0D52AD619ABC57EB872A5 /* Memo.swift in Sources */ = {isa = PBXBuildFile; fileRef = A07EA69C23F35D6BFA7DBF3A /* Memo.swift */; };
		B665C2DFE7620630DAC22AA2 /* AppSpacing.swift in Sources */ = {isa = PBXBuildFile; fileRef = 0C50CA93426BCF5FD29E8332 /* AppSpacing.swift */; };
		B9511B99086636DD4D623C36 /* RFIDRoutes.swift in Sources */ = {isa = PBXBuildFile; fileRef = 34629E578B52CC028F17E132 /* RFIDRoutes.swift */; };
		BAF95105BD7E789B7FE3DCE2 /* MarginAnalysisView.swift in Sources */ = {isa = PBXBuildFile; fileRef = F981D0C4218F1C904C0C296D /* MarginAnalysisView.swift */; };
		BBB0B529C5AF4BAC7BC63BCA /* BackupScheduler.swift in Sources */ = {isa = PBXBuildFile; fileRef = F464D9D94F7E4B377FB790FE /* BackupScheduler.swift */; };
		BC17DD11E78530025CD2E549 /* RapNetOptions.swift in Sources */ = {isa = PBXBuildFile; fileRef = 5B8F7CF92B06D9DC877D1D09 /* RapNetOptions.swift */; };
		C17269AFC38428BC87160C85 /* GemstoneDetailPanel.swift in Sources */ = {isa = PBXBuildFile; fileRef = 814CBBF32C678A903E1B3D9C /* GemstoneDetailPanel.swift */; };
		C1981B0CE8BC8F335CF84748 /* KPICardRow.swift in Sources */ = {isa = PBXBuildFile; fileRef = 995BE77960F452E41F4E4BDF /* KPICardRow.swift */; };
		C4F058B47AF4FFFE9E0E8824 /* FormField.swift in Sources */ = {isa = PBXBuildFile; fileRef = F7D065D884DB94E48021A53A /* FormField.swift */; };
		C57428D589CE37362E11A2CF /* CustomerDetailPanel.swift in Sources */ = {isa = PBXBuildFile; fileRef = C836FB999C2771AA1719CA14 /* CustomerDetailPanel.swift */; };
		C598F81E0453F9C995A49137 /* TableColumn.swift in Sources */ = {isa = PBXBuildFile; fileRef = F07BBCDE21A8DEA71CC11956 /* TableColumn.swift */; };
		C604BF9B9BE75A4DE210A592 /* LineItemKind.swift in Sources */ = {isa = PBXBuildFile; fileRef = 37D603B8B6A476C98E66B400 /* LineItemKind.swift */; };
		C8D707A1F1797FFE711ABBC2 /* ORSSerial in Frameworks */ = {isa = PBXBuildFile; productRef = DB07F8E31C04219DAA692E41 /* ORSSerial */; };
		CCB573CA20CF92C83B93FB5C /* CSVImportPreviewSheet.swift in Sources */ = {isa = PBXBuildFile; fileRef = 56EC23CBF87289FD1987521D /* CSVImportPreviewSheet.swift */; };
		CF5C7C0597EB7E99DA8D3991 /* DetailRow.swift in Sources */ = {isa = PBXBuildFile; fileRef = 41A7DF4D5F4140E3DE94DFD5 /* DetailRow.swift */; };
		D139FE43F09FB5A1B750B918 /* LineItemStatus.swift in Sources */ = {isa = PBXBuildFile; fileRef = B2CD014DC9A48F5870B67D2B /* LineItemStatus.swift */; };
		D2843B6700DC493BEC33DFAB /* AppOpacity.swift in Sources */ = {isa = PBXBuildFile; fileRef = 8BFE0636FA5EBCA4C69466D0 /* AppOpacity.swift */; };
		D2DE6918D7C5FCE9055649C7 /* ReportEngine.swift in Sources */ = {isa = PBXBuildFile; fileRef = 8C5221D976D0DADF9D9857C4 /* ReportEngine.swift */; };
		D47EBBD8500619EF4147879A /* MemoStatus.swift in Sources */ = {isa = PBXBuildFile; fileRef = 173E223EE059F1CF750C3941 /* MemoStatus.swift */; };
		DB204AB5F19F7F8F7D055CE0 /* MemoListViewModel.swift in Sources */ = {isa = PBXBuildFile; fileRef = 53978275BA1221231FE9B922 /* MemoListViewModel.swift */; };
		E0ADB3F0BDDB5B5F9A549701 /* BackupService.swift in Sources */ = {isa = PBXBuildFile; fileRef = A9A597AF32983A1D01C6D562 /* BackupService.swift */; };
		E2F00AFDAA6FD58267E75D7E /* GlassTableModifier.swift in Sources */ = {isa = PBXBuildFile; fileRef = 22407FE0A483A38E0B420584 /* GlassTableModifier.swift */; };
		E56A8D662F2E1D90E871A970 /* AppConstants.swift in Sources */ = {isa = PBXBuildFile; fileRef = A4ECE3F56706FBA13A89DF47 /* AppConstants.swift */; };
		E58E1463E55DEDB6E3BC478E /* RapNetSyncStatus.swift in Sources */ = {isa = PBXBuildFile; fileRef = 4DEA801B9732A7292B7D6021 /* RapNetSyncStatus.swift */; };
		E87D650B61167FA6D12F2169 /* InventoryFilterBar.swift in Sources */ = {isa = PBXBuildFile; fileRef = E6A9B8686EE1663B720013FC /* InventoryFilterBar.swift */; };
		E9EA1A74670EFB1C0D87AF61 /* RFIDScanService.swift in Sources */ = {isa = PBXBuildFile; fileRef = 7FFA42D7ADC3BDCCB4B372B4 /* RFIDScanService.swift */; };
		EB9A2DCD8E6BCCAC13026227 /* NavigationGuard.swift in Sources */ = {isa = PBXBuildFile; fileRef = 037857AF7FF32943A3CBC483 /* NavigationGuard.swift */; };
		EFAEB611DA429B8C9688AEB4 /* PaymentListView.swift in Sources */ = {isa = PBXBuildFile; fileRef = EEECFCA896C5C2177322AE1A /* PaymentListView.swift */; };
		F0AC6557A35E1C3E15C169E2 /* DashboardViewModel.swift in Sources */ = {isa = PBXBuildFile; fileRef = C611B9AA323E95C9B384F701 /* DashboardViewModel.swift */; };
		F76E8FCAA742119E0D9A183D /* HistoryLogger.swift in Sources */ = {isa = PBXBuildFile; fileRef = 32D6DC60F80D7FC541834613 /* HistoryLogger.swift */; };
		F91A9927D6C94C662EACDE6F /* HistoryEvent.swift in Sources */ = {isa = PBXBuildFile; fileRef = 149AAED5205BD92D1632662A /* HistoryEvent.swift */; };
		F936F24EF660226730503D41 /* OnboardingView.swift in Sources */ = {isa = PBXBuildFile; fileRef = 543D37A0F441617A309A7682 /* OnboardingView.swift */; };
		FA8502A655774E79FC240E64 /* AppColors.swift in Sources */ = {isa = PBXBuildFile; fileRef = F0B0F11EF531CE6C3EF6C5CC /* AppColors.swift */; };
		FF2A553EE82E73075D6FB33A /* CurrencyFormatter.swift in Sources */ = {isa = PBXBuildFile; fileRef = 8B86ED4CBE9430761895C822 /* CurrencyFormatter.swift */; };
/* End PBXBuildFile section */

/* Begin PBXFileReference section */
		007E008692CAF273468B3771 /* ShareService.swift */ = {isa = PBXFileReference; lastKnownFileType = sourcecode.swift; path = ShareService.swift; sourceTree = "<group>"; };
		02CB667D10C57F1B9EB42D6F /* GlassBackgroundModifier.swift */ = {isa = PBXFileReference; lastKnownFileType = sourcecode.swift; path = GlassBackgroundModifier.swift; sourceTree = "<group>"; };
		037857AF7FF32943A3CBC483 /* NavigationGuard.swift */ = {isa = PBXFileReference; lastKnownFileType = sourcecode.swift; path = NavigationGuard.swift; sourceTree = "<group>"; };
		039BCEED1B46423BA633D16A /* DashboardRoutes.swift */ = {isa = PBXFileReference; lastKnownFileType = sourcecode.swift; path = DashboardRoutes.swift; sourceTree = "<group>"; };
		07A771D99AF395E25A383305 /* Customer.swift */ = {isa = PBXFileReference; lastKnownFileType = sourcecode.swift; path = Customer.swift; sourceTree = "<group>"; };
		0802F6FC50765CEE19C0FB4E /* InventoryListView.swift */ = {isa = PBXFileReference; lastKnownFileType = sourcecode.swift; path = InventoryListView.swift; sourceTree = "<group>"; };
		0AE8B1FC546208EE8FE5FE4D /* ScannerView.swift */ = {isa = PBXFileReference; lastKnownFileType = sourcecode.swift; path = ScannerView.swift; sourceTree = "<group>"; };
		0BCAC0BEB1EAB0CD639D6FA2 /* ToastOverlay.swift */ = {isa = PBXFileReference; lastKnownFileType = sourcecode.swift; path = ToastOverlay.swift; sourceTree = "<group>"; };
		0C4BC3BE124CB7474DC325DA /* QDIGemstoneERPApp.swift */ = {isa = PBXFileReference; lastKnownFileType = sourcecode.swift; path = QDIGemstoneERPApp.swift; sourceTree = "<group>"; };
		0C50CA93426BCF5FD29E8332 /* AppSpacing.swift */ = {isa = PBXFileReference; lastKnownFileType = sourcecode.swift; path = AppSpacing.swift; sourceTree = "<group>"; };
		0C6A26598A73007FDECAF109 /* HistoryEventType.swift */ = {isa = PBXFileReference; lastKnownFileType = sourcecode.swift; path = HistoryEventType.swift; sourceTree = "<group>"; };
		0F92992A54A6B3F94585D300 /* InvoiceService.swift */ = {isa = PBXFileReference; lastKnownFileType = sourcecode.swift; path = InvoiceService.swift; sourceTree = "<group>"; };
		10E5E8CE863390404948AA94 /* InventoryViewModel.swift */ = {isa = PBXFileReference; lastKnownFileType = sourcecode.swift; path = InventoryViewModel.swift; sourceTree = "<group>"; };
		149AAED5205BD92D1632662A /* HistoryEvent.swift */ = {isa = PBXFileReference; lastKnownFileType = sourcecode.swift; path = HistoryEvent.swift; sourceTree = "<group>"; };
		173E223EE059F1CF750C3941 /* MemoStatus.swift */ = {isa = PBXFileReference; lastKnownFileType = sourcecode.swift; path = MemoStatus.swift; sourceTree = "<group>"; };
		1B347B683BC41A381BAA1F00 /* BatchPDFExporter.swift */ = {isa = PBXFileReference; lastKnownFileType = sourcecode.swift; path = BatchPDFExporter.swift; sourceTree = "<group>"; };
		1BB4A70485C8693503BFC503 /* RFIDService.swift */ = {isa = PBXFileReference; lastKnownFileType = sourcecode.swift; path = RFIDService.swift; sourceTree = "<group>"; };
		1C64C9459C79A0894AC0F0F0 /* StoneDescriptionBuilder.swift */ = {isa = PBXFileReference; lastKnownFileType = sourcecode.swift; path = StoneDescriptionBuilder.swift; sourceTree = "<group>"; };
		1DCDE31D32F68887B83C97E2 /* StoneFormView.swift */ = {isa = PBXFileReference; lastKnownFileType = sourcecode.swift; path = StoneFormView.swift; sourceTree = "<group>"; };
		1F3818E4471F1235B71AE81E /* RapNetSettingsView.swift */ = {isa = PBXFileReference; lastKnownFileType = sourcecode.swift; path = RapNetSettingsView.swift; sourceTree = "<group>"; };
		22407FE0A483A38E0B420584 /* GlassTableModifier.swift */ = {isa = PBXFileReference; lastKnownFileType = sourcecode.swift; path = GlassTableModifier.swift; sourceTree = "<group>"; };
		230BF8E5988671BEFE23C0E0 /* Invoice.swift */ = {isa = PBXFileReference; lastKnownFileType = sourcecode.swift; path = Invoice.swift; sourceTree = "<group>"; };
		25CDDAACE2FF674CA40DBD20 /* LotInventoryView.swift */ = {isa = PBXFileReference; lastKnownFileType = sourcecode.swift; path = LotInventoryView.swift; sourceTree = "<group>"; };
		2A8AAC8B96F94CF3DABE9258 /* GlossaryView.swift */ = {isa = PBXFileReference; lastKnownFileType = sourcecode.swift; path = GlossaryView.swift; sourceTree = "<group>"; };
		2E2B071BCC76EE4FED2E41FA /* MemoRoutes.swift */ = {isa = PBXFileReference; lastKnownFileType = sourcecode.swift; path = MemoRoutes.swift; sourceTree = "<group>"; };
		2ECF159A5FC31BBD9D068E1C /* SidebarView.swift */ = {isa = PBXFileReference; lastKnownFileType = sourcecode.swift; path = SidebarView.swift; sourceTree = "<group>"; };
		325C18F3512961657BDAD856 /* GradientButtonStyle.swift */ = {isa = PBXFileReference; lastKnownFileType = sourcecode.swift; path = GradientButtonStyle.swift; sourceTree = "<group>"; };
		32D04B1F807ECBF7399A1576 /* SKUGenerator.swift */ = {isa = PBXFileReference; lastKnownFileType = sourcecode.swift; path = SKUGenerator.swift; sourceTree = "<group>"; };
		32D6DC60F80D7FC541834613 /* HistoryLogger.swift */ = {isa = PBXFileReference; lastKnownFileType = sourcecode.swift; path = HistoryLogger.swift; sourceTree = "<group>"; };
		33DC9506698175A88F4F4652 /* AgingBucketDetailSheet.swift */ = {isa = PBXFileReference; lastKnownFileType = sourcecode.swift; path = AgingBucketDetailSheet.swift; sourceTree = "<group>"; };
		34629E578B52CC028F17E132 /* RFIDRoutes.swift */ = {isa = PBXFileReference; lastKnownFileType = sourcecode.swift; path = RFIDRoutes.swift; sourceTree = "<group>"; };
		35FA9BB5D29646A37FED67D4 /* String+Helpers.swift */ = {isa = PBXFileReference; lastKnownFileType = sourcecode.swift; path = "String+Helpers.swift"; sourceTree = "<group>"; };
		37BDB32F92A33062485FDE23 /* OutlineButtonStyle.swift */ = {isa = PBXFileReference; lastKnownFileType = sourcecode.swift; path = OutlineButtonStyle.swift; sourceTree = "<group>"; };
		37C8229F5E0621428EC77070 /* CustomerActivityView.swift */ = {isa = PBXFileReference; lastKnownFileType = sourcecode.swift; path = CustomerActivityView.swift; sourceTree = "<group>"; };
		37C8478546F6844253099BD0 /* RapNetSyncService.swift */ = {isa = PBXFileReference; lastKnownFileType = sourcecode.swift; path = RapNetSyncService.swift; sourceTree = "<group>"; };
		37D603B8B6A476C98E66B400 /* LineItemKind.swift */ = {isa = PBXFileReference; lastKnownFileType = sourcecode.swift; path = LineItemKind.swift; sourceTree = "<group>"; };
		38BCD93D7AB62CF23C687BB7 /* CSVImportService.swift */ = {isa = PBXFileReference; lastKnownFileType = sourcecode.swift; path = CSVImportService.swift; sourceTree = "<group>"; };
		3A9555B15E90483AC30BCFAC /* StoneTypeBadge.swift */ = {isa = PBXFileReference; lastKnownFileType = sourcecode.swift; path = StoneTypeBadge.swift; sourceTree = "<group>"; };
		3AC2C8DCD1516CDC38886FFC /* RFIDTag.swift */ = {isa = PBXFileReference; lastKnownFileType = sourcecode.swift; path = RFIDTag.swift; sourceTree = "<group>"; };
		41A7DF4D5F4140E3DE94DFD5 /* DetailRow.swift */ = {isa = PBXFileReference; lastKnownFileType = sourcecode.swift; path = DetailRow.swift; sourceTree = "<group>"; };
		4A40AC13F11AC3673A4A1587 /* NavigationItem.swift */ = {isa = PBXFileReference; lastKnownFileType = sourcecode.swift; path = NavigationItem.swift; sourceTree = "<group>"; };
		4C520DBB8403C8EC32DDD058 /* AppShellView.swift */ = {isa = PBXFileReference; lastKnownFileType = sourcecode.swift; path = AppShellView.swift; sourceTree = "<group>"; };
		4D8C27FE3D81DB349A0639CD /* QuickEntryView.swift */ = {isa = PBXFileReference; lastKnownFileType = sourcecode.swift; path = QuickEntryView.swift; sourceTree = "<group>"; };
		4DEA801B9732A7292B7D6021 /* RapNetSyncStatus.swift */ = {isa = PBXFileReference; lastKnownFileType = sourcecode.swift; path = RapNetSyncStatus.swift; sourceTree = "<group>"; };
		4F57C93F3894AAE530F52820 /* AppTypography.swift */ = {isa = PBXFileReference; lastKnownFileType = sourcecode.swift; path = AppTypography.swift; sourceTree = "<group>"; };
		51E9AFFB3AAD9F806B0F2A13 /* GemstonesInventoryView.swift */ = {isa = PBXFileReference; lastKnownFileType = sourcecode.swift; path = GemstonesInventoryView.swift; sourceTree = "<group>"; };
		53978275BA1221231FE9B922 /* MemoListViewModel.swift */ = {isa = PBXFileReference; lastKnownFileType = sourcecode.swift; path = MemoListViewModel.swift; sourceTree = "<group>"; };
		543D37A0F441617A309A7682 /* OnboardingView.swift */ = {isa = PBXFileReference; lastKnownFileType = sourcecode.swift; path = OnboardingView.swift; sourceTree = "<group>"; };
		553A8056539CC98603A3A6EC /* PaymentMethod.swift */ = {isa = PBXFileReference; lastKnownFileType = sourcecode.swift; path = PaymentMethod.swift; sourceTree = "<group>"; };
		565A4EA28FA3E61AE96AF9A5 /* InventoryRoutes.swift */ = {isa = PBXFileReference; lastKnownFileType = sourcecode.swift; path = InventoryRoutes.swift; sourceTree = "<group>"; };
		56EC23CBF87289FD1987521D /* CSVImportPreviewSheet.swift */ = {isa = PBXFileReference; lastKnownFileType = sourcecode.swift; path = CSVImportPreviewSheet.swift; sourceTree = "<group>"; };
		5831C493F0619CB48CD8EA23 /* DiamondsInventoryView.swift */ = {isa = PBXFileReference; lastKnownFileType = sourcecode.swift; path = DiamondsInventoryView.swift; sourceTree = "<group>"; };
		5A289416B00D8AAD14EABADF /* SystemRoutes.swift */ = {isa = PBXFileReference; lastKnownFileType = sourcecode.swift; path = SystemRoutes.swift; sourceTree = "<group>"; };
		5B8F7CF92B06D9DC877D1D09 /* RapNetOptions.swift */ = {isa = PBXFileReference; lastKnownFileType = sourcecode.swift; path = RapNetOptions.swift; sourceTree = "<group>"; };
		5C6A68A6B6618F2262EC858E /* AppLogger.swift */ = {isa = PBXFileReference; lastKnownFileType = sourcecode.swift; path = AppLogger.swift; sourceTree = "<group>"; };
		5E0F40EC01C97C5209D4F80E /* MemoDocumentView.swift */ = {isa = PBXFileReference; lastKnownFileType = sourcecode.swift; path = MemoDocumentView.swift; sourceTree = "<group>"; };
		5ED44A9E836CD59534C5F518 /* QDI_Gemstone_ERP_v2.app */ = {isa = PBXFileReference; explicitFileType = wrapper.application; includeInIndex = 0; path = QDI_Gemstone_ERP_v2.app; sourceTree = BUILT_PRODUCTS_DIR; };
		60E495D2C94F3357978ED2B1 /* ShimmerView.swift */ = {isa = PBXFileReference; lastKnownFileType = sourcecode.swift; path = ShimmerView.swift; sourceTree = "<group>"; };
		626E3D17936BF2108324AF28 /* LotInventoryViewModel.swift */ = {isa = PBXFileReference; lastKnownFileType = sourcecode.swift; path = LotInventoryViewModel.swift; sourceTree = "<group>"; };
		62B99186D49AA8B177AE260B /* CurrencyType.swift */ = {isa = PBXFileReference; lastKnownFileType = sourcecode.swift; path = CurrencyType.swift; sourceTree = "<group>"; };
		64149EBA82CE3BA94BAB9BA4 /* ReportsView.swift */ = {isa = PBXFileReference; lastKnownFileType = sourcecode.swift; path = ReportsView.swift; sourceTree = "<group>"; };
		6538A7C8468B6A5E43E91FE9 /* RFIDCoordinator.swift */ = {isa = PBXFileReference; lastKnownFileType = sourcecode.swift; path = RFIDCoordinator.swift; sourceTree = "<group>"; };
		667B98EBC03A1403A73B6FA0 /* RecentActivityList.swift */ = {isa = PBXFileReference; lastKnownFileType = sourcecode.swift; path = RecentActivityList.swift; sourceTree = "<group>"; };
		68C8D448759F3A55942EAE97 /* ErrorMapper.swift */ = {isa = PBXFileReference; lastKnownFileType = sourcecode.swift; path = ErrorMapper.swift; sourceTree = "<group>"; };
		6983F38D7795AC6D3DF1449A /* Payment.swift */ = {isa = PBXFileReference; lastKnownFileType = sourcecode.swift; path = Payment.swift; sourceTree = "<group>"; };
		69BA467836A257651957AC30 /* DocumentDirtyTracker.swift */ = {isa = PBXFileReference; lastKnownFileType = sourcecode.swift; path = DocumentDirtyTracker.swift; sourceTree = "<group>"; };
		6D45A3823E9EF2FE28178AC3 /* InputValidator.swift */ = {isa = PBXFileReference; lastKnownFileType = sourcecode.swift; path = InputValidator.swift; sourceTree = "<group>"; };
		706E45B47AFF9AD78C6EFC5B /* APIRouter.swift */ = {isa = PBXFileReference; lastKnownFileType = sourcecode.swift; path = APIRouter.swift; sourceTree = "<group>"; };
		7220B21A25317D921736B773 /* EmptyStateView.swift */ = {isa = PBXFileReference; lastKnownFileType = sourcecode.swift; path = EmptyStateView.swift; sourceTree = "<group>"; };
		75E8694EA6DA5A3AF102B5B6 /* CustomerListView.swift */ = {isa = PBXFileReference; lastKnownFileType = sourcecode.swift; path = CustomerListView.swift; sourceTree = "<group>"; };
		78DFE5A014C55EA551D7D16D /* EPCanonical.swift */ = {isa = PBXFileReference; lastKnownFileType = sourcecode.swift; path = EPCanonical.swift; sourceTree = "<group>"; };
		7CF324231D372B593459E1DE /* InventoryTurnoverView.swift */ = {isa = PBXFileReference; lastKnownFileType = sourcecode.swift; path = InventoryTurnoverView.swift; sourceTree = "<group>"; };
		7DAC44C95038D141D0930061 /* InvoiceWindowView.swift */ = {isa = PBXFileReference; lastKnownFileType = sourcecode.swift; path = InvoiceWindowView.swift; sourceTree = "<group>"; };
		7FFA42D7ADC3BDCCB4B372B4 /* RFIDScanService.swift */ = {isa = PBXFileReference; lastKnownFileType = sourcecode.swift; path = RFIDScanService.swift; sourceTree = "<group>"; };
		814CBBF32C678A903E1B3D9C /* GemstoneDetailPanel.swift */ = {isa = PBXFileReference; lastKnownFileType = sourcecode.swift; path = GemstoneDetailPanel.swift; sourceTree = "<group>"; };
		816074071ED96F056B1712EA /* LineItem.swift */ = {isa = PBXFileReference; lastKnownFileType = sourcecode.swift; path = LineItem.swift; sourceTree = "<group>"; };
		82D39A3810995F0A808EB202 /* SectionHeader.swift */ = {isa = PBXFileReference; lastKnownFileType = sourcecode.swift; path = SectionHeader.swift; sourceTree = "<group>"; };
		839D3C084D42E8BF25F18F4B /* TransactionService.swift */ = {isa = PBXFileReference; lastKnownFileType = sourcecode.swift; path = TransactionService.swift; sourceTree = "<group>"; };
		8489F9C807B253C5094D7363 /* Date+Formatting.swift */ = {isa = PBXFileReference; lastKnownFileType = sourcecode.swift; path = "Date+Formatting.swift"; sourceTree = "<group>"; };
		865F7818A0D127059D5F79E6 /* Gemstone.swift */ = {isa = PBXFileReference; lastKnownFileType = sourcecode.swift; path = Gemstone.swift; sourceTree = "<group>"; };
		86B1221016374D919DB5E08F /* PLReportView.swift */ = {isa = PBXFileReference; lastKnownFileType = sourcecode.swift; path = PLReportView.swift; sourceTree = "<group>"; };
		8AD0042F0425A31D03D81B15 /* ReconcileViewModel.swift */ = {isa = PBXFileReference; lastKnownFileType = sourcecode.swift; path = ReconcileViewModel.swift; sourceTree = "<group>"; };
		8B86ED4CBE9430761895C822 /* CurrencyFormatter.swift */ = {isa = PBXFileReference; lastKnownFileType = sourcecode.swift; path = CurrencyFormatter.swift; sourceTree = "<group>"; };
		8BFE0636FA5EBCA4C69466D0 /* AppOpacity.swift */ = {isa = PBXFileReference; lastKnownFileType = sourcecode.swift; path = AppOpacity.swift; sourceTree = "<group>"; };
		8C5221D976D0DADF9D9857C4 /* ReportEngine.swift */ = {isa = PBXFileReference; lastKnownFileType = sourcecode.swift; path = ReportEngine.swift; sourceTree = "<group>"; };
		8D1AB12068D6098DAB4A22A3 /* LotService.swift */ = {isa = PBXFileReference; lastKnownFileType = sourcecode.swift; path = LotService.swift; sourceTree = "<group>"; };
		9036CD16C22CE2FC676144FB /* CustomerListViewModel.swift */ = {isa = PBXFileReference; lastKnownFileType = sourcecode.swift; path = CustomerListViewModel.swift; sourceTree = "<group>"; };
		9060984B3BD60113BC717CB0 /* InvoiceListView.swift */ = {isa = PBXFileReference; lastKnownFileType = sourcecode.swift; path = InvoiceListView.swift; sourceTree = "<group>"; };
		90E295BFAC2A9465729BDF0A /* DemoDataService.swift */ = {isa = PBXFileReference; lastKnownFileType = sourcecode.swift; path = DemoDataService.swift; sourceTree = "<group>"; };
		93565BA01F92A9C0A0AF4954 /* BulkEditSheet.swift */ = {isa = PBXFileReference; lastKnownFileType = sourcecode.swift; path = BulkEditSheet.swift; sourceTree = "<group>"; };
		9453E5A1BB6929896AE1BE0A /* LotTransactionType.swift */ = {isa = PBXFileReference; lastKnownFileType = sourcecode.swift; path = LotTransactionType.swift; sourceTree = "<group>"; };
		96D844385E3F6295552E81B9 /* RFIDManager.swift */ = {isa = PBXFileReference; lastKnownFileType = sourcecode.swift; path = RFIDManager.swift; sourceTree = "<group>"; };
		96E4658275B0BB02DEE8C7EA /* DashboardView.swift */ = {isa = PBXFileReference; lastKnownFileType = sourcecode.swift; path = DashboardView.swift; sourceTree = "<group>"; };
		977283232FDCB4E0C4840013 /* InvoiceDocumentView.swift */ = {isa = PBXFileReference; lastKnownFileType = sourcecode.swift; path = InvoiceDocumentView.swift; sourceTree = "<group>"; };
		98536087CF99CCD213E1EA5F /* ReconcileView.swift */ = {isa = PBXFileReference; lastKnownFileType = sourcecode.swift; path = ReconcileView.swift; sourceTree = "<group>"; };
		986AD062E8ECA39F9679B057 /* RapNetExportService.swift */ = {isa = PBXFileReference; lastKnownFileType = sourcecode.swift; path = RapNetExportService.swift; sourceTree = "<group>"; };
		98BA838D1EBFB0FC5CD952B0 /* StoneShape.swift */ = {isa = PBXFileReference; lastKnownFileType = sourcecode.swift; path = StoneShape.swift; sourceTree = "<group>"; };
		995BE77960F452E41F4E4BDF /* KPICardRow.swift */ = {isa = PBXFileReference; lastKnownFileType = sourcecode.swift; path = KPICardRow.swift; sourceTree = "<group>"; };
		9B301F1FBF670487313AA823 /* ScannerViewModel.swift */ = {isa = PBXFileReference; lastKnownFileType = sourcecode.swift; path = ScannerViewModel.swift; sourceTree = "<group>"; };
		9C951A2C6D4936DCB60254A7 /* CompanySettingsView.swift */ = {isa = PBXFileReference; lastKnownFileType = sourcecode.swift; path = CompanySettingsView.swift; sourceTree = "<group>"; };
		9E7B6A77056D754FF2151496 /* FilterPill.swift */ = {isa = PBXFileReference; lastKnownFileType = sourcecode.swift; path = FilterPill.swift; sourceTree = "<group>"; };
		A07EA69C23F35D6BFA7DBF3A /* Memo.swift */ = {isa = PBXFileReference; lastKnownFileType = sourcecode.swift; path = Memo.swift; sourceTree = "<group>"; };
		A11407626D2258BD7C3092EC /* FilterPreset.swift */ = {isa = PBXFileReference; lastKnownFileType = sourcecode.swift; path = FilterPreset.swift; sourceTree = "<group>"; };
		A1615490722ED65602953FB1 /* UnknownTagAssignSheet.swift */ = {isa = PBXFileReference; lastKnownFileType = sourcecode.swift; path = UnknownTagAssignSheet.swift; sourceTree = "<group>"; };
		A4ECE3F56706FBA13A89DF47 /* AppConstants.swift */ = {isa = PBXFileReference; lastKnownFileType = sourcecode.swift; path = AppConstants.swift; sourceTree = "<group>"; };
		A5AD9B9980F9121A678A0051 /* InvoiceStatus.swift */ = {isa = PBXFileReference; lastKnownFileType = sourcecode.swift; path = InvoiceStatus.swift; sourceTree = "<group>"; };
		A8F7920833CBAAF2162B157B /* FormPicker.swift */ = {isa = PBXFileReference; lastKnownFileType = sourcecode.swift; path = FormPicker.swift; sourceTree = "<group>"; };
		A9A597AF32983A1D01C6D562 /* BackupService.swift */ = {isa = PBXFileReference; lastKnownFileType = sourcecode.swift; path = BackupService.swift; sourceTree = "<group>"; };
		AA238D2CE296E7F838340CCD /* HoverRow.swift */ = {isa = PBXFileReference; lastKnownFileType = sourcecode.swift; path = HoverRow.swift; sourceTree = "<group>"; };
		AAD2476C55F79206377ADE3C /* GlassCard.swift */ = {isa = PBXFileReference; lastKnownFileType = sourcecode.swift; path = GlassCard.swift; sourceTree = "<group>"; };
		B2CD014DC9A48F5870B67D2B /* LineItemStatus.swift */ = {isa = PBXFileReference; lastKnownFileType = sourcecode.swift; path = LineItemStatus.swift; sourceTree = "<group>"; };
		B3C9A7906E2C77645F50D12A /* CustomerProfitabilityView.swift */ = {isa = PBXFileReference; lastKnownFileType = sourcecode.swift; path = CustomerProfitabilityView.swift; sourceTree = "<group>"; };
		BA586950C6BEDF816ADF42D7 /* Date+Relative.swift */ = {isa = PBXFileReference; lastKnownFileType = sourcecode.swift; path = "Date+Relative.swift"; sourceTree = "<group>"; };
		BAB45A470C117BD693FBF56B /* InvoiceRoutes.swift */ = {isa = PBXFileReference; lastKnownFileType = sourcecode.swift; path = InvoiceRoutes.swift; sourceTree = "<group>"; };
		C0D3AC4AEFD6246352AEA546 /* CustomerFormSheet.swift */ = {isa = PBXFileReference; lastKnownFileType = sourcecode.swift; path = CustomerFormSheet.swift; sourceTree = "<group>"; };
		C3DCED9AB17D0D229DE8F7A1 /* StoneGrouping.swift */ = {isa = PBXFileReference; lastKnownFileType = sourcecode.swift; path = StoneGrouping.swift; sourceTree = "<group>"; };
		C3E2B54397410243BBF48929 /* LotTransaction.swift */ = {isa = PBXFileReference; lastKnownFileType = sourcecode.swift; path = LotTransaction.swift; sourceTree = "<group>"; };
		C5CDFA11A960E91FB0A818F3 /* StatusBadge.swift */ = {isa = PBXFileReference; lastKnownFileType = sourcecode.swift; path = StatusBadge.swift; sourceTree = "<group>"; };
		C611B9AA323E95C9B384F701 /* DashboardViewModel.swift */ = {isa = PBXFileReference; lastKnownFileType = sourcecode.swift; path = DashboardViewModel.swift; sourceTree = "<group>"; };
		C7D4C3B6657EA65471DAB44C /* RapNetAPIService.swift */ = {isa = PBXFileReference; lastKnownFileType = sourcecode.swift; path = RapNetAPIService.swift; sourceTree = "<group>"; };
		C830FBAB085D765E82A476A2 /* LotSelectSheet.swift */ = {isa = PBXFileReference; lastKnownFileType = sourcecode.swift; path = LotSelectSheet.swift; sourceTree = "<group>"; };
		C836FB999C2771AA1719CA14 /* CustomerDetailPanel.swift */ = {isa = PBXFileReference; lastKnownFileType = sourcecode.swift; path = CustomerDetailPanel.swift; sourceTree = "<group>"; };
		C9299C8922C00C4B986D2EF8 /* InventorySelectSheet.swift */ = {isa = PBXFileReference; lastKnownFileType = sourcecode.swift; path = InventorySelectSheet.swift; sourceTree = "<group>"; };
		D2AF4D46115756F206DD89A7 /* StoneFormViewModel.swift */ = {isa = PBXFileReference; lastKnownFileType = sourcecode.swift; path = StoneFormViewModel.swift; sourceTree = "<group>"; };
		D5808D2AEC55AAB4870FC160 /* ReportExportService.swift */ = {isa = PBXFileReference; lastKnownFileType = sourcecode.swift; path = ReportExportService.swift; sourceTree = "<group>"; };
		D682A424EF5064E67BF38856 /* APIServer.swift */ = {isa = PBXFileReference; lastKnownFileType = sourcecode.swift; path = APIServer.swift; sourceTree = "<group>"; };
		D68F1D547FE2DDC5E017AD43 /* APIResponse.swift */ = {isa = PBXFileReference; lastKnownFileType = sourcecode.swift; path = APIResponse.swift; sourceTree = "<group>"; };
		D6A64976B35617FA1A3757B4 /* SoldInventoryView.swift */ = {isa = PBXFileReference; lastKnownFileType = sourcecode.swift; path = SoldInventoryView.swift; sourceTree = "<group>"; };
		DBD18A2A4E61A928E95DB592 /* GemstoneStatus.swift */ = {isa = PBXFileReference; lastKnownFileType = sourcecode.swift; path = GemstoneStatus.swift; sourceTree = "<group>"; };
		DD9E6F4BB3CB6A102CD30AEB /* PDFService.swift */ = {isa = PBXFileReference; lastKnownFileType = sourcecode.swift; path = PDFService.swift; sourceTree = "<group>"; };
		DED693A192ADD983C01E381E /* AppAnimation.swift */ = {isa = PBXFileReference; lastKnownFileType = sourcecode.swift; path = AppAnimation.swift; sourceTree = "<group>"; };
		DF52535A188C64A84EADF9EE /* EditableLineItemRow.swift */ = {isa = PBXFileReference; lastKnownFileType = sourcecode.swift; path = EditableLineItemRow.swift; sourceTree = "<group>"; };
		E32BF5EC574469A8D3977C5F /* MemoWindowView.swift */ = {isa = PBXFileReference; lastKnownFileType = sourcecode.swift; path = MemoWindowView.swift; sourceTree = "<group>"; };
		E5FBD15DCE21EE1BD176D04F /* AccountingView.swift */ = {isa = PBXFileReference; lastKnownFileType = sourcecode.swift; path = AccountingView.swift; sourceTree = "<group>"; };
		E6A9B8686EE1663B720013FC /* InventoryFilterBar.swift */ = {isa = PBXFileReference; lastKnownFileType = sourcecode.swift; path = InventoryFilterBar.swift; sourceTree = "<group>"; };
		EA6B133B323D833E799468EA /* StoneType.swift */ = {isa = PBXFileReference; lastKnownFileType = sourcecode.swift; path = StoneType.swift; sourceTree = "<group>"; };
		EDF43F66FC7402DC31864900 /* QuickActionsGrid.swift */ = {isa = PBXFileReference; lastKnownFileType = sourcecode.swift; path = QuickActionsGrid.swift; sourceTree = "<group>"; };
		EEECFCA896C5C2177322AE1A /* PaymentListView.swift */ = {isa = PBXFileReference; lastKnownFileType = sourcecode.swift; path = PaymentListView.swift; sourceTree = "<group>"; };
		EFB2959E2E58627DBE83E661 /* InvoiceListViewModel.swift */ = {isa = PBXFileReference; lastKnownFileType = sourcecode.swift; path = InvoiceListViewModel.swift; sourceTree = "<group>"; };
		F07BBCDE21A8DEA71CC11956 /* TableColumn.swift */ = {isa = PBXFileReference; lastKnownFileType = sourcecode.swift; path = TableColumn.swift; sourceTree = "<group>"; };
		F0B08E7202314CCAB62D6B4B /* AccountingViewModel.swift */ = {isa = PBXFileReference; lastKnownFileType = sourcecode.swift; path = AccountingViewModel.swift; sourceTree = "<group>"; };
		F0B0F11EF531CE6C3EF6C5CC /* AppColors.swift */ = {isa = PBXFileReference; lastKnownFileType = sourcecode.swift; path = AppColors.swift; sourceTree = "<group>"; };
		F0FC22A075D95D822A554438 /* MemoListView.swift */ = {isa = PBXFileReference; lastKnownFileType = sourcecode.swift; path = MemoListView.swift; sourceTree = "<group>"; };
		F178839EE6951B96D2016337 /* GlassFieldModifier.swift */ = {isa = PBXFileReference; lastKnownFileType = sourcecode.swift; path = GlassFieldModifier.swift; sourceTree = "<group>"; };
		F464D9D94F7E4B377FB790FE /* BackupScheduler.swift */ = {isa = PBXFileReference; lastKnownFileType = sourcecode.swift; path = BackupScheduler.swift; sourceTree = "<group>"; };
		F47C7B47FF4216140BA21E5A /* CustomerRoutes.swift */ = {isa = PBXFileReference; lastKnownFileType = sourcecode.swift; path = CustomerRoutes.swift; sourceTree = "<group>"; };
		F515C70472941C4AA201004D /* ReviewQueueView.swift */ = {isa = PBXFileReference; lastKnownFileType = sourcecode.swift; path = ReviewQueueView.swift; sourceTree = "<group>"; };
		F52F24F5AFF74620899B4F36 /* GlassSearchField.swift */ = {isa = PBXFileReference; lastKnownFileType = sourcecode.swift; path = GlassSearchField.swift; sourceTree = "<group>"; };
		F5EC08686561C814F4638EFB /* ReferenceNumberGenerator.swift */ = {isa = PBXFileReference; lastKnownFileType = sourcecode.swift; path = ReferenceNumberGenerator.swift; sourceTree = "<group>"; };
		F62E27E8FE9B3748CF06DC50 /* MemoService.swift */ = {isa = PBXFileReference; lastKnownFileType = sourcecode.swift; path = MemoService.swift; sourceTree = "<group>"; };
		F7D065D884DB94E48021A53A /* FormField.swift */ = {isa = PBXFileReference; lastKnownFileType = sourcecode.swift; path = FormField.swift; sourceTree = "<group>"; };
		F82174E0400A9FC9A87E6B78 /* DashboardInfoPanel.swift */ = {isa = PBXFileReference; lastKnownFileType = sourcecode.swift; path = DashboardInfoPanel.swift; sourceTree = "<group>"; };
		F8D30989C55A226CF4F6D747 /* RFIDLifecycleStatus.swift */ = {isa = PBXFileReference; lastKnownFileType = sourcecode.swift; path = RFIDLifecycleStatus.swift; sourceTree = "<group>"; };
		F904E2E169D04A5E12A9BA24 /* TransactionEditorViewModel.swift */ = {isa = PBXFileReference; lastKnownFileType = sourcecode.swift; path = TransactionEditorViewModel.swift; sourceTree = "<group>"; };
		F981D0C4218F1C904C0C296D /* MarginAnalysisView.swift */ = {isa = PBXFileReference; lastKnownFileType = sourcecode.swift; path = MarginAnalysisView.swift; sourceTree = "<group>"; };
		FB788FFE84CBD6FB2D45A564 /* SortableViewModel.swift */ = {isa = PBXFileReference; lastKnownFileType = sourcecode.swift; path = SortableViewModel.swift; sourceTree = "<group>"; };
		FBCAA0A67DB386B1FD7A631C /* TableHeader.swift */ = {isa = PBXFileReference; lastKnownFileType = sourcecode.swift; path = TableHeader.swift; sourceTree = "<group>"; };
/* End PBXFileReference section */

/* Begin PBXFrameworksBuildPhase section */
		538FE44D16AE4ED381C3C85A /* Frameworks */ = {
			isa = PBXFrameworksBuildPhase;
			buildActionMask = 2147483647;
			files = (
				C8D707A1F1797FFE711ABBC2 /* ORSSerial in Frameworks */,
			);
			runOnlyForDeploymentPostprocessing = 0;
		};
/* End PBXFrameworksBuildPhase section */

/* Begin PBXGroup section */
		05733B88A9504E249C1D7F00 /* App */ = {
			isa = PBXGroup;
			children = (
				A4ECE3F56706FBA13A89DF47 /* AppConstants.swift */,
				0C4BC3BE124CB7474DC325DA /* QDIGemstoneERPApp.swift */,
			);
			path = App;
			sourceTree = "<group>";
		};
		0D2B9FAB6BB678E87759EC30 /* DesignSystem */ = {
			isa = PBXGroup;
			children = (
				3D37FDFE3885C8368918D5DC /* ButtonStyles */,
				764E2826C918CDE7A0544068 /* Components */,
				1496DBCE5BA5E008AD0A05FF /* Modifiers */,
				A4A3F2A99D4B2760C0032EA9 /* TableKit */,
				F4F166D943784F271A3D4611 /* Theme */,
			);
			path = DesignSystem;
			sourceTree = "<group>";
		};
		1496DBCE5BA5E008AD0A05FF /* Modifiers */ = {
			isa = PBXGroup;
			children = (
				02CB667D10C57F1B9EB42D6F /* GlassBackgroundModifier.swift */,
				F178839EE6951B96D2016337 /* GlassFieldModifier.swift */,
				22407FE0A483A38E0B420584 /* GlassTableModifier.swift */,
			);
			path = Modifiers;
			sourceTree = "<group>";
		};
		2B20E188203C69471AD8FF01 /* Shell */ = {
			isa = PBXGroup;
			children = (
				4C520DBB8403C8EC32DDD058 /* AppShellView.swift */,
				4A40AC13F11AC3673A4A1587 /* NavigationItem.swift */,
				543D37A0F441617A309A7682 /* OnboardingView.swift */,
				2ECF159A5FC31BBD9D068E1C /* SidebarView.swift */,
			);
			path = Shell;
			sourceTree = "<group>";
		};
		2FD4518DE6B46E3F000B6DED /* Models */ = {
			isa = PBXGroup;
			children = (
				07A771D99AF395E25A383305 /* Customer.swift */,
				865F7818A0D127059D5F79E6 /* Gemstone.swift */,
				149AAED5205BD92D1632662A /* HistoryEvent.swift */,
				230BF8E5988671BEFE23C0E0 /* Invoice.swift */,
				816074071ED96F056B1712EA /* LineItem.swift */,
				C3E2B54397410243BBF48929 /* LotTransaction.swift */,
				A07EA69C23F35D6BFA7DBF3A /* Memo.swift */,
				6983F38D7795AC6D3DF1449A /* Payment.swift */,
				3AC2C8DCD1516CDC38886FFC /* RFIDTag.swift */,
				CBA383056EAC752827E714A3 /* Enums */,
			);
			path = Models;
			sourceTree = "<group>";
		};
		310DE5650EA149547265D6B7 /* Accounting */ = {
			isa = PBXGroup;
			children = (
				E5FBD15DCE21EE1BD176D04F /* AccountingView.swift */,
				33DC9506698175A88F4F4652 /* AgingBucketDetailSheet.swift */,
			);
			path = Accounting;
			sourceTree = "<group>";
		};
		314ED36BF422A12070AC86AF /* StoneForm */ = {
			isa = PBXGroup;
			children = (
			);
			path = StoneForm;
			sourceTree = "<group>";
		};
		325AD9ED2DD2A0EB7939DBDC /* Routes */ = {
			isa = PBXGroup;
			children = (
				F47C7B47FF4216140BA21E5A /* CustomerRoutes.swift */,
				039BCEED1B46423BA633D16A /* DashboardRoutes.swift */,
				565A4EA28FA3E61AE96AF9A5 /* InventoryRoutes.swift */,
				BAB45A470C117BD693FBF56B /* InvoiceRoutes.swift */,
				2E2B071BCC76EE4FED2E41FA /* MemoRoutes.swift */,
				34629E578B52CC028F17E132 /* RFIDRoutes.swift */,
				5A289416B00D8AAD14EABADF /* SystemRoutes.swift */,
			);
			path = Routes;
			sourceTree = "<group>";
		};
		330E255CE518FFDDD05CE56F /* RapNet */ = {
			isa = PBXGroup;
			children = (
				C7D4C3B6657EA65471DAB44C /* RapNetAPIService.swift */,
				37C8478546F6844253099BD0 /* RapNetSyncService.swift */,
			);
			path = RapNet;
			sourceTree = "<group>";
		};
		359CF07916221247402486B8 /* Settings */ = {
			isa = PBXGroup;
			children = (
				9C951A2C6D4936DCB60254A7 /* CompanySettingsView.swift */,
				2A8AAC8B96F94CF3DABE9258 /* GlossaryView.swift */,
				1F3818E4471F1235B71AE81E /* RapNetSettingsView.swift */,
			);
			path = Settings;
			sourceTree = "<group>";
		};
		3D37FDFE3885C8368918D5DC /* ButtonStyles */ = {
			isa = PBXGroup;
			children = (
				325C18F3512961657BDAD856 /* GradientButtonStyle.swift */,
				37BDB32F92A33062485FDE23 /* OutlineButtonStyle.swift */,
			);
			path = ButtonStyles;
			sourceTree = "<group>";
		};
		403CA78BD4517D2EE1ED9D8D /* Utilities */ = {
			isa = PBXGroup;
			children = (
				5C6A68A6B6618F2262EC858E /* AppLogger.swift */,
				8B86ED4CBE9430761895C822 /* CurrencyFormatter.swift */,
				69BA467836A257651957AC30 /* DocumentDirtyTracker.swift */,
				68C8D448759F3A55942EAE97 /* ErrorMapper.swift */,
				A11407626D2258BD7C3092EC /* FilterPreset.swift */,
				6D45A3823E9EF2FE28178AC3 /* InputValidator.swift */,
				037857AF7FF32943A3CBC483 /* NavigationGuard.swift */,
				FB788FFE84CBD6FB2D45A564 /* SortableViewModel.swift */,
				E43EE7BD716FF121687C23A2 /* Extensions */,
			);
			path = Utilities;
			sourceTree = "<group>";
		};
		4826D114D71A1F97B85EFA35 /* Dashboard */ = {
			isa = PBXGroup;
			children = (
				F82174E0400A9FC9A87E6B78 /* DashboardInfoPanel.swift */,
				96E4658275B0BB02DEE8C7EA /* DashboardView.swift */,
				995BE77960F452E41F4E4BDF /* KPICardRow.swift */,
				EDF43F66FC7402DC31864900 /* QuickActionsGrid.swift */,
				667B98EBC03A1403A73B6FA0 /* RecentActivityList.swift */,
			);
			path = Dashboard;
			sourceTree = "<group>";
		};
		50A504FD873DB636F1D74C78 /* Forms */ = {
			isa = PBXGroup;
			children = (
				1DCDE31D32F68887B83C97E2 /* StoneFormView.swift */,
			);
			path = Forms;
			sourceTree = "<group>";
		};
		603BBD2C6BF00E3CE0F0E7CA /* Services */ = {
			isa = PBXGroup;
			children = (
				F464D9D94F7E4B377FB790FE /* BackupScheduler.swift */,
				A9A597AF32983A1D01C6D562 /* BackupService.swift */,
				1B347B683BC41A381BAA1F00 /* BatchPDFExporter.swift */,
				38BCD93D7AB62CF23C687BB7 /* CSVImportService.swift */,
				90E295BFAC2A9465729BDF0A /* DemoDataService.swift */,
				32D6DC60F80D7FC541834613 /* HistoryLogger.swift */,
				0F92992A54A6B3F94585D300 /* InvoiceService.swift */,
				8D1AB12068D6098DAB4A22A3 /* LotService.swift */,
				F62E27E8FE9B3748CF06DC50 /* MemoService.swift */,
				DD9E6F4BB3CB6A102CD30AEB /* PDFService.swift */,
				986AD062E8ECA39F9679B057 /* RapNetExportService.swift */,
				F5EC08686561C814F4638EFB /* ReferenceNumberGenerator.swift */,
				8C5221D976D0DADF9D9857C4 /* ReportEngine.swift */,
				D5808D2AEC55AAB4870FC160 /* ReportExportService.swift */,
				007E008692CAF273468B3771 /* ShareService.swift */,
				32D04B1F807ECBF7399A1576 /* SKUGenerator.swift */,
				1C64C9459C79A0894AC0F0F0 /* StoneDescriptionBuilder.swift */,
				839D3C084D42E8BF25F18F4B /* TransactionService.swift */,
				330E255CE518FFDDD05CE56F /* RapNet */,
				9FC5D2310DE64791AE466D83 /* RFID */,
			);
			path = Services;
			sourceTree = "<group>";
		};
		6BFEBA9541F23905158C0AF3 /* Products */ = {
			isa = PBXGroup;
			children = (
				5ED44A9E836CD59534C5F518 /* QDI_Gemstone_ERP_v2.app */,
			);
			name = Products;
			sourceTree = "<group>";
		};
		764E2826C918CDE7A0544068 /* Components */ = {
			isa = PBXGroup;
			children = (
				41A7DF4D5F4140E3DE94DFD5 /* DetailRow.swift */,
				7220B21A25317D921736B773 /* EmptyStateView.swift */,
				9E7B6A77056D754FF2151496 /* FilterPill.swift */,
				F7D065D884DB94E48021A53A /* FormField.swift */,
				A8F7920833CBAAF2162B157B /* FormPicker.swift */,
				AAD2476C55F79206377ADE3C /* GlassCard.swift */,
				F52F24F5AFF74620899B4F36 /* GlassSearchField.swift */,
				82D39A3810995F0A808EB202 /* SectionHeader.swift */,
				60E495D2C94F3357978ED2B1 /* ShimmerView.swift */,
				C5CDFA11A960E91FB0A818F3 /* StatusBadge.swift */,
				3A9555B15E90483AC30BCFAC /* StoneTypeBadge.swift */,
				0BCAC0BEB1EAB0CD639D6FA2 /* ToastOverlay.swift */,
			);
			path = Components;
			sourceTree = "<group>";
		};
		89431280C980EF6DDB78A594 /* Scanner */ = {
			isa = PBXGroup;
			children = (
				0AE8B1FC546208EE8FE5FE4D /* ScannerView.swift */,
				A1615490722ED65602953FB1 /* UnknownTagAssignSheet.swift */,
			);
			path = Scanner;
			sourceTree = "<group>";
		};
		8E63DBE99E3CD2CA7E60A15E /* ViewModels */ = {
			isa = PBXGroup;
			children = (
				F0B08E7202314CCAB62D6B4B /* AccountingViewModel.swift */,
				9036CD16C22CE2FC676144FB /* CustomerListViewModel.swift */,
				C611B9AA323E95C9B384F701 /* DashboardViewModel.swift */,
				10E5E8CE863390404948AA94 /* InventoryViewModel.swift */,
				EFB2959E2E58627DBE83E661 /* InvoiceListViewModel.swift */,
				626E3D17936BF2108324AF28 /* LotInventoryViewModel.swift */,
				53978275BA1221231FE9B922 /* MemoListViewModel.swift */,
				8AD0042F0425A31D03D81B15 /* ReconcileViewModel.swift */,
				6538A7C8468B6A5E43E91FE9 /* RFIDCoordinator.swift */,
				9B301F1FBF670487313AA823 /* ScannerViewModel.swift */,
				D2AF4D46115756F206DD89A7 /* StoneFormViewModel.swift */,
				F904E2E169D04A5E12A9BA24 /* TransactionEditorViewModel.swift */,
			);
			path = ViewModels;
			sourceTree = "<group>";
		};
		9EBA3000F4E8E85D2DD1CB2A /* API */ = {
			isa = PBXGroup;
			children = (
				D68F1D547FE2DDC5E017AD43 /* APIResponse.swift */,
				706E45B47AFF9AD78C6EFC5B /* APIRouter.swift */,
				D682A424EF5064E67BF38856 /* APIServer.swift */,
				325AD9ED2DD2A0EB7939DBDC /* Routes */,
			);
			path = API;
			sourceTree = "<group>";
		};
		9FC5D2310DE64791AE466D83 /* RFID */ = {
			isa = PBXGroup;
			children = (
				78DFE5A014C55EA551D7D16D /* EPCanonical.swift */,
				96D844385E3F6295552E81B9 /* RFIDManager.swift */,
				7FFA42D7ADC3BDCCB4B372B4 /* RFIDScanService.swift */,
				1BB4A70485C8693503BFC503 /* RFIDService.swift */,
			);
			path = RFID;
			sourceTree = "<group>";
		};
		A4A3F2A99D4B2760C0032EA9 /* TableKit */ = {
			isa = PBXGroup;
			children = (
				AA238D2CE296E7F838340CCD /* HoverRow.swift */,
				F07BBCDE21A8DEA71CC11956 /* TableColumn.swift */,
				FBCAA0A67DB386B1FD7A631C /* TableHeader.swift */,
			);
			path = TableKit;
			sourceTree = "<group>";
		};
		A7C3F3C08797BDB45BE47DAF /* Sheets */ = {
			isa = PBXGroup;
			children = (
			);
			path = Sheets;
			sourceTree = "<group>";
		};
		B45D66EC21AAD967DBCDBE29 /* Views */ = {
			isa = PBXGroup;
			children = (
				310DE5650EA149547265D6B7 /* Accounting */,
				BE38E5168CFD4FEABBD25751 /* Customers */,
				4826D114D71A1F97B85EFA35 /* Dashboard */,
				50A504FD873DB636F1D74C78 /* Forms */,
				B7ECECEC888072F7234C3F5E /* Inventory */,
				F85BF0D091DC03959CE42063 /* Reports */,
				89431280C980EF6DDB78A594 /* Scanner */,
				359CF07916221247402486B8 /* Settings */,
				A7C3F3C08797BDB45BE47DAF /* Sheets */,
				2B20E188203C69471AD8FF01 /* Shell */,
				314ED36BF422A12070AC86AF /* StoneForm */,
				DC5F27A026154EAD6CD1A035 /* Transactions */,
			);
			path = Views;
			sourceTree = "<group>";
		};
		B66186493D9359F6FA0E17FD = {
			isa = PBXGroup;
			children = (
				9EBA3000F4E8E85D2DD1CB2A /* API */,
				05733B88A9504E249C1D7F00 /* App */,
				0D2B9FAB6BB678E87759EC30 /* DesignSystem */,
				2FD4518DE6B46E3F000B6DED /* Models */,
				603BBD2C6BF00E3CE0F0E7CA /* Services */,
				403CA78BD4517D2EE1ED9D8D /* Utilities */,
				8E63DBE99E3CD2CA7E60A15E /* ViewModels */,
				B45D66EC21AAD967DBCDBE29 /* Views */,
				6BFEBA9541F23905158C0AF3 /* Products */,
			);
			sourceTree = "<group>";
		};
		B7ECECEC888072F7234C3F5E /* Inventory */ = {
			isa = PBXGroup;
			children = (
				93565BA01F92A9C0A0AF4954 /* BulkEditSheet.swift */,
				56EC23CBF87289FD1987521D /* CSVImportPreviewSheet.swift */,
				5831C493F0619CB48CD8EA23 /* DiamondsInventoryView.swift */,
				814CBBF32C678A903E1B3D9C /* GemstoneDetailPanel.swift */,
				51E9AFFB3AAD9F806B0F2A13 /* GemstonesInventoryView.swift */,
				E6A9B8686EE1663B720013FC /* InventoryFilterBar.swift */,
				0802F6FC50765CEE19C0FB4E /* InventoryListView.swift */,
				25CDDAACE2FF674CA40DBD20 /* LotInventoryView.swift */,
				4D8C27FE3D81DB349A0639CD /* QuickEntryView.swift */,
				98536087CF99CCD213E1EA5F /* ReconcileView.swift */,
				F515C70472941C4AA201004D /* ReviewQueueView.swift */,
				D6A64976B35617FA1A3757B4 /* SoldInventoryView.swift */,
			);
			path = Inventory;
			sourceTree = "<group>";
		};
		BE38E5168CFD4FEABBD25751 /* Customers */ = {
			isa = PBXGroup;
			children = (
				37C8229F5E0621428EC77070 /* CustomerActivityView.swift */,
				C836FB999C2771AA1719CA14 /* CustomerDetailPanel.swift */,
				C0D3AC4AEFD6246352AEA546 /* CustomerFormSheet.swift */,
				75E8694EA6DA5A3AF102B5B6 /* CustomerListView.swift */,
			);
			path = Customers;
			sourceTree = "<group>";
		};
		CBA383056EAC752827E714A3 /* Enums */ = {
			isa = PBXGroup;
			children = (
				62B99186D49AA8B177AE260B /* CurrencyType.swift */,
				DBD18A2A4E61A928E95DB592 /* GemstoneStatus.swift */,
				0C6A26598A73007FDECAF109 /* HistoryEventType.swift */,
				A5AD9B9980F9121A678A0051 /* InvoiceStatus.swift */,
				37D603B8B6A476C98E66B400 /* LineItemKind.swift */,
				B2CD014DC9A48F5870B67D2B /* LineItemStatus.swift */,
				9453E5A1BB6929896AE1BE0A /* LotTransactionType.swift */,
				173E223EE059F1CF750C3941 /* MemoStatus.swift */,
				553A8056539CC98603A3A6EC /* PaymentMethod.swift */,
				5B8F7CF92B06D9DC877D1D09 /* RapNetOptions.swift */,
				4DEA801B9732A7292B7D6021 /* RapNetSyncStatus.swift */,
				F8D30989C55A226CF4F6D747 /* RFIDLifecycleStatus.swift */,
				C3DCED9AB17D0D229DE8F7A1 /* StoneGrouping.swift */,
				98BA838D1EBFB0FC5CD952B0 /* StoneShape.swift */,
				EA6B133B323D833E799468EA /* StoneType.swift */,
			);
			path = Enums;
			sourceTree = "<group>";
		};
		DC5F27A026154EAD6CD1A035 /* Transactions */ = {
			isa = PBXGroup;
			children = (
				DF52535A188C64A84EADF9EE /* EditableLineItemRow.swift */,
				C9299C8922C00C4B986D2EF8 /* InventorySelectSheet.swift */,
				977283232FDCB4E0C4840013 /* InvoiceDocumentView.swift */,
				9060984B3BD60113BC717CB0 /* InvoiceListView.swift */,
				7DAC44C95038D141D0930061 /* InvoiceWindowView.swift */,
				C830FBAB085D765E82A476A2 /* LotSelectSheet.swift */,
				5E0F40EC01C97C5209D4F80E /* MemoDocumentView.swift */,
				F0FC22A075D95D822A554438 /* MemoListView.swift */,
				E32BF5EC574469A8D3977C5F /* MemoWindowView.swift */,
				EEECFCA896C5C2177322AE1A /* PaymentListView.swift */,
			);
			path = Transactions;
			sourceTree = "<group>";
		};
		E43EE7BD716FF121687C23A2 /* Extensions */ = {
			isa = PBXGroup;
			children = (
				8489F9C807B253C5094D7363 /* Date+Formatting.swift */,
				BA586950C6BEDF816ADF42D7 /* Date+Relative.swift */,
				35FA9BB5D29646A37FED67D4 /* String+Helpers.swift */,
			);
			path = Extensions;
			sourceTree = "<group>";
		};
		F4F166D943784F271A3D4611 /* Theme */ = {
			isa = PBXGroup;
			children = (
				DED693A192ADD983C01E381E /* AppAnimation.swift */,
				F0B0F11EF531CE6C3EF6C5CC /* AppColors.swift */,
				8BFE0636FA5EBCA4C69466D0 /* AppOpacity.swift */,
				0C50CA93426BCF5FD29E8332 /* AppSpacing.swift */,
				4F57C93F3894AAE530F52820 /* AppTypography.swift */,
			);
			path = Theme;
			sourceTree = "<group>";
		};
		F85BF0D091DC03959CE42063 /* Reports */ = {
			isa = PBXGroup;
			children = (
				B3C9A7906E2C77645F50D12A /* CustomerProfitabilityView.swift */,
				7CF324231D372B593459E1DE /* InventoryTurnoverView.swift */,
				F981D0C4218F1C904C0C296D /* MarginAnalysisView.swift */,
				86B1221016374D919DB5E08F /* PLReportView.swift */,
				64149EBA82CE3BA94BAB9BA4 /* ReportsView.swift */,
			);
			path = Reports;
			sourceTree = "<group>";
		};
/* End PBXGroup section */

/* Begin PBXNativeTarget section */
		7446A7172512913F157DAD65 /* QDI_Gemstone_ERP_v2 */ = {
			isa = PBXNativeTarget;
			buildConfigurationList = 4DDB354DF5868F6D68A75166 /* Build configuration list for PBXNativeTarget "QDI_Gemstone_ERP_v2" */;
			buildPhases = (
				99AB031CC00CD96ED3F051D1 /* Sources */,
				538FE44D16AE4ED381C3C85A /* Frameworks */,
			);
			buildRules = (
			);
			dependencies = (
			);
			name = QDI_Gemstone_ERP_v2;
			packageProductDependencies = (
				DB07F8E31C04219DAA692E41 /* ORSSerial */,
			);
			productName = QDI_Gemstone_ERP_v2;
			productReference = 5ED44A9E836CD59534C5F518 /* QDI_Gemstone_ERP_v2.app */;
			productType = "com.apple.product-type.application";
		};
/* End PBXNativeTarget section */

/* Begin PBXProject section */
		BB226BD8C12F12E88BE6FF0E /* Project object */ = {
			isa = PBXProject;
			attributes = {
				BuildIndependentTargetsInParallel = YES;
				LastUpgradeCheck = 1600;
				TargetAttributes = {
				};
			};
			buildConfigurationList = 145BF0206D40E2FC570F81E2 /* Build configuration list for PBXProject "QDI_Gemstone_ERP_v2" */;
			developmentRegion = en;
			hasScannedForEncodings = 0;
			knownRegions = (
				Base,
				en,
			);
			mainGroup = B66186493D9359F6FA0E17FD;
			minimizedProjectReferenceProxies = 1;
			packageReferences = (
				1F15277C4EF30C7C6E3F1E0D /* XCRemoteSwiftPackageReference "ORSSerialPort" */,
			);
			preferredProjectObjectVersion = 77;
			productRefGroup = 6BFEBA9541F23905158C0AF3 /* Products */;
			projectDirPath = "";
			projectRoot = "";
			targets = (
				7446A7172512913F157DAD65 /* QDI_Gemstone_ERP_v2 */,
			);
		};
/* End PBXProject section */

/* Begin PBXSourcesBuildPhase section */
		99AB031CC00CD96ED3F051D1 /* Sources */ = {
			isa = PBXSourcesBuildPhase;
			buildActionMask = 2147483647;
			files = (
				93CD500C054E8BD27DE046F9 /* APIResponse.swift in Sources */,
				915FCD9FD44A8534B1251376 /* APIRouter.swift in Sources */,
				4CDFD38B6F9916CC5D3C7FBB /* APIServer.swift in Sources */,
				75DCAB009D62E00D1737C994 /* AccountingView.swift in Sources */,
				0D03B2B204E8B94FD9BE5B47 /* AccountingViewModel.swift in Sources */,
				224164B0761903768AB32148 /* AgingBucketDetailSheet.swift in Sources */,
				6190D114C77309087D80EF3C /* AppAnimation.swift in Sources */,
				FA8502A655774E79FC240E64 /* AppColors.swift in Sources */,
				E56A8D662F2E1D90E871A970 /* AppConstants.swift in Sources */,
				2F513ACE5EF0CD69A1C7B7D1 /* AppLogger.swift in Sources */,
				D2843B6700DC493BEC33DFAB /* AppOpacity.swift in Sources */,
				0E22C31C27AC813031FCE9B9 /* AppShellView.swift in Sources */,
				B665C2DFE7620630DAC22AA2 /* AppSpacing.swift in Sources */,
				22F23D9F8E802FBD936767BE /* AppTypography.swift in Sources */,
				BBB0B529C5AF4BAC7BC63BCA /* BackupScheduler.swift in Sources */,
				E0ADB3F0BDDB5B5F9A549701 /* BackupService.swift in Sources */,
				B15F66E68D3C2F70256ADFF0 /* BatchPDFExporter.swift in Sources */,
				0A9A8B7657619F2BB1632938 /* BulkEditSheet.swift in Sources */,
				CCB573CA20CF92C83B93FB5C /* CSVImportPreviewSheet.swift in Sources */,
				180E46B09947DC1253EAB51F /* CSVImportService.swift in Sources */,
				3F9372EEFCB919D59C09C959 /* CompanySettingsView.swift in Sources */,
				FF2A553EE82E73075D6FB33A /* CurrencyFormatter.swift in Sources */,
				1BE2DAC96C3940E8D35B2D7E /* CurrencyType.swift in Sources */,
				43387DB5F7418C1F49F5CAD8 /* Customer.swift in Sources */,
				4AA03722527B59077F9F5F76 /* CustomerActivityView.swift in Sources */,
				C57428D589CE37362E11A2CF /* CustomerDetailPanel.swift in Sources */,
				3EAD38A014DAAD9ECA8D116F /* CustomerFormSheet.swift in Sources */,
				4B2BE11085FE92583CC52B7D /* CustomerListView.swift in Sources */,
				1989853CA2BB15A70FADE321 /* CustomerListViewModel.swift in Sources */,
				1891021B0BF06E2AE1F66315 /* CustomerProfitabilityView.swift in Sources */,
				60C579DAE5AF53817B68B7CE /* CustomerRoutes.swift in Sources */,
				250D560298DA3BBD70C0F1B1 /* DashboardInfoPanel.swift in Sources */,
				717CAAB020950BAFFAC34D41 /* DashboardRoutes.swift in Sources */,
				02820FE626391AF6ED793539 /* DashboardView.swift in Sources */,
				F0AC6557A35E1C3E15C169E2 /* DashboardViewModel.swift in Sources */,
				216D6C68138124D12036364A /* Date+Formatting.swift in Sources */,
				22F0D123BC129C779B9FA8FE /* Date+Relative.swift in Sources */,
				625E118C5D6B61E937EDD8D4 /* DemoDataService.swift in Sources */,
				CF5C7C0597EB7E99DA8D3991 /* DetailRow.swift in Sources */,
				436F99D45D27661335B549B6 /* DiamondsInventoryView.swift in Sources */,
				02C2B00B64D2CD3DD6185B9A /* DocumentDirtyTracker.swift in Sources */,
				AAF4F8C7361C8E5C96483987 /* EPCanonical.swift in Sources */,
				2A09F23C27BC6C7C770B9352 /* EditableLineItemRow.swift in Sources */,
				58D4B1FEBCB4D268F7209011 /* EmptyStateView.swift in Sources */,
				8265C59EFCCF39D6AA1F221F /* ErrorMapper.swift in Sources */,
				79D64E872448970E69F593C9 /* FilterPill.swift in Sources */,
				3566B3C5B8A48E4FDB40B557 /* FilterPreset.swift in Sources */,
				C4F058B47AF4FFFE9E0E8824 /* FormField.swift in Sources */,
				1AD6BCD3E24600CDE8EA3E63 /* FormPicker.swift in Sources */,
				6E9460794A680AD3E74BE51D /* Gemstone.swift in Sources */,
				C17269AFC38428BC87160C85 /* GemstoneDetailPanel.swift in Sources */,
				1489D08237C341F76A599448 /* GemstoneStatus.swift in Sources */,
				11D65FEC67131E2B7B7A86B9 /* GemstonesInventoryView.swift in Sources */,
				14CC1929E412754E2E088A23 /* GlassBackgroundModifier.swift in Sources */,
				0FCE57C035CE5E45350AC3BF /* GlassCard.swift in Sources */,
				16356103918657A1C69BC698 /* GlassFieldModifier.swift in Sources */,
				A2514E098351502ACF15BA47 /* GlassSearchField.swift in Sources */,
				E2F00AFDAA6FD58267E75D7E /* GlassTableModifier.swift in Sources */,
				704EA8B88F9067AFFABB8960 /* GlossaryView.swift in Sources */,
				0E499D6C15EA875729D18B9A /* GradientButtonStyle.swift in Sources */,
				F91A9927D6C94C662EACDE6F /* HistoryEvent.swift in Sources */,
				2F7BEB794576611CF1605802 /* HistoryEventType.swift in Sources */,
				F76E8FCAA742119E0D9A183D /* HistoryLogger.swift in Sources */,
				5041255737768DE30B3309AD /* HoverRow.swift in Sources */,
				7975E425CB137B9FE818E3DF /* InputValidator.swift in Sources */,
				E87D650B61167FA6D12F2169 /* InventoryFilterBar.swift in Sources */,
				303AE869A631CC57C6648528 /* InventoryListView.swift in Sources */,
				5A35814DAD47C9CDE9833234 /* InventoryRoutes.swift in Sources */,
				7EA01D623D3136817EE57733 /* InventorySelectSheet.swift in Sources */,
				6116FC288943681414267CB7 /* InventoryTurnoverView.swift in Sources */,
				AEB120D968D7BF9F4F12AA4B /* InventoryViewModel.swift in Sources */,
				748169DF4ED8777BCBEC80AF /* Invoice.swift in Sources */,
				7EBBF92F4898FA347D76981A /* InvoiceDocumentView.swift in Sources */,
				83EA0138A6C10867A3530322 /* InvoiceListView.swift in Sources */,
				B34DB3A3FF936FA5FFC60998 /* InvoiceListViewModel.swift in Sources */,
				A383795AC369B77EC9CBE678 /* InvoiceRoutes.swift in Sources */,
				9420EE5E15188B81396103F2 /* InvoiceService.swift in Sources */,
				320A9924011B5A7B3F4013C3 /* InvoiceStatus.swift in Sources */,
				2AB076B178140D5D6E08687A /* InvoiceWindowView.swift in Sources */,
				C1981B0CE8BC8F335CF84748 /* KPICardRow.swift in Sources */,
				72DDA78BD6DCEBA65A238C75 /* LineItem.swift in Sources */,
				C604BF9B9BE75A4DE210A592 /* LineItemKind.swift in Sources */,
				D139FE43F09FB5A1B750B918 /* LineItemStatus.swift in Sources */,
				931FFC237CBE06B9BBE6EDCB /* LotInventoryView.swift in Sources */,
				67B2AAA74D6698A0B1B91324 /* LotInventoryViewModel.swift in Sources */,
				5D4252BCD24FFD3E613925DB /* LotSelectSheet.swift in Sources */,
				2599CD0D0A9C81E5D79D2ADE /* LotService.swift in Sources */,
				6AA436000DB086EE953682C6 /* LotTransaction.swift in Sources */,
				7E295706AFD620C12A948AC9 /* LotTransactionType.swift in Sources */,
				BAF95105BD7E789B7FE3DCE2 /* MarginAnalysisView.swift in Sources */,
				B5E0D52AD619ABC57EB872A5 /* Memo.swift in Sources */,
				3E7253792457246D6128E747 /* MemoDocumentView.swift in Sources */,
				1ED84C0E9FD45192AA89D070 /* MemoListView.swift in Sources */,
				DB204AB5F19F7F8F7D055CE0 /* MemoListViewModel.swift in Sources */,
				22B743D4CDCC2F75AB7F865C /* MemoRoutes.swift in Sources */,
				72AD8359D7575C77CFE5B1CF /* MemoService.swift in Sources */,
				D47EBBD8500619EF4147879A /* MemoStatus.swift in Sources */,
				B02FE4C6341F52FB20F7C3A6 /* MemoWindowView.swift in Sources */,
				EB9A2DCD8E6BCCAC13026227 /* NavigationGuard.swift in Sources */,
				63CD328302DF899DDE94627F /* NavigationItem.swift in Sources */,
				F936F24EF660226730503D41 /* OnboardingView.swift in Sources */,
				8445D20A1BA1A80DA0B7384E /* OutlineButtonStyle.swift in Sources */,
				1D3823E437D7D660EE2A4797 /* PDFService.swift in Sources */,
				64B8C9AFC1F6C00E988DF60D /* PLReportView.swift in Sources */,
				3D307A1BC98BE9AC401B8979 /* Payment.swift in Sources */,
				EFAEB611DA429B8C9688AEB4 /* PaymentListView.swift in Sources */,
				7DF3A45CF5D57B294A215367 /* PaymentMethod.swift in Sources */,
				983E49E5F8888D2FC01A3A1B /* QDIGemstoneERPApp.swift in Sources */,
				2A0DDDDABE302401802C1A68 /* QuickActionsGrid.swift in Sources */,
				A237AB362CAD8E17845BCC34 /* QuickEntryView.swift in Sources */,
				98D7F9952F6786EA9D83D041 /* RFIDCoordinator.swift in Sources */,
				655199E393D8F081A7941A84 /* RFIDLifecycleStatus.swift in Sources */,
				131475971AEAEAA1815CF268 /* RFIDManager.swift in Sources */,
				B9511B99086636DD4D623C36 /* RFIDRoutes.swift in Sources */,
				E9EA1A74670EFB1C0D87AF61 /* RFIDScanService.swift in Sources */,
				A53B4FF570C732F5F44679AA /* RFIDService.swift in Sources */,
				33A389AF89C4C2138E449298 /* RFIDTag.swift in Sources */,
				A5AC4B481FE072F735912275 /* RapNetAPIService.swift in Sources */,
				82EC0525E8F0CC297615CDB9 /* RapNetExportService.swift in Sources */,
				BC17DD11E78530025CD2E549 /* RapNetOptions.swift in Sources */,
				7EB45EAE9544AE22B7990EA6 /* RapNetSettingsView.swift in Sources */,
				15A41E4907E9D23F0DF4E6D8 /* RapNetSyncService.swift in Sources */,
				E58E1463E55DEDB6E3BC478E /* RapNetSyncStatus.swift in Sources */,
				1238BCEA0A0DDE5D897FA376 /* RecentActivityList.swift in Sources */,
				7EC09767EE9FDF645E7BED24 /* ReconcileView.swift in Sources */,
				57B36C9037EA951332C0C6C7 /* ReconcileViewModel.swift in Sources */,
				1002EA4486B8EE5755776E11 /* ReferenceNumberGenerator.swift in Sources */,
				D2DE6918D7C5FCE9055649C7 /* ReportEngine.swift in Sources */,
				51EC36E15A04440AAE4286B7 /* ReportExportService.swift in Sources */,
				23951F01C43E402CAB6E0F32 /* ReportsView.swift in Sources */,
				5F3BE4F310544777811FC6D1 /* ReviewQueueView.swift in Sources */,
				26F4350DF12DABAC78445B20 /* SKUGenerator.swift in Sources */,
				832F16AE8FFC3D579CCCFD2B /* ScannerView.swift in Sources */,
				11FE247A849C307366FBD722 /* ScannerViewModel.swift in Sources */,
				ADE644F1B38D59234715CA9B /* SectionHeader.swift in Sources */,
				5314BCD3CD1F70801DB53110 /* ShareService.swift in Sources */,
				3343E4D7FA6F7E7D98EDB8B3 /* ShimmerView.swift in Sources */,
				1CD0AE33C4EAFD6907195D3F /* SidebarView.swift in Sources */,
				046BD734F3EFBCFEDF38AF56 /* SoldInventoryView.swift in Sources */,
				76146595A695A198CD2574FC /* SortableViewModel.swift in Sources */,
				6D6FA2C068306A4AA0754718 /* StatusBadge.swift in Sources */,
				9574F276BFBFEB86FD242007 /* StoneDescriptionBuilder.swift in Sources */,
				5230523037E4A195FA18008D /* StoneFormView.swift in Sources */,
				131B6C26CA0C486F3426BAC2 /* StoneFormViewModel.swift in Sources */,
				220119E875D04B6378A1498D /* StoneGrouping.swift in Sources */,
				0ED668E60356DA0484B31263 /* StoneShape.swift in Sources */,
				2F4FB98D7BC8F79ABD16DDA7 /* StoneType.swift in Sources */,
				2E40205CB293FB5D0F8C1BBC /* StoneTypeBadge.swift in Sources */,
				07B845F1AA0F5EE6AF6CF6D0 /* String+Helpers.swift in Sources */,
				438CB430621BF2CE8D98529F /* SystemRoutes.swift in Sources */,
				C598F81E0453F9C995A49137 /* TableColumn.swift in Sources */,
				10B427329AA2467F2FDC9AE6 /* TableHeader.swift in Sources */,
				2DF420A52C9709593A2A50CA /* ToastOverlay.swift in Sources */,
				94757921694BFB20D9094247 /* TransactionEditorViewModel.swift in Sources */,
				14913C4FE0D6647E9DDF6F02 /* TransactionService.swift in Sources */,
				66FF1931D85581CE3FA6E272 /* UnknownTagAssignSheet.swift in Sources */,
			);
			runOnlyForDeploymentPostprocessing = 0;
		};
/* End PBXSourcesBuildPhase section */

/* Begin XCBuildConfiguration section */
		5D0F26EED65C10C156F42229 /* Release */ = {
			isa = XCBuildConfiguration;
			buildSettings = {
				ALWAYS_SEARCH_USER_PATHS = NO;
				CLANG_ANALYZER_NONNULL = YES;
				CLANG_ANALYZER_NUMBER_OBJECT_CONVERSION = YES_AGGRESSIVE;
				CLANG_CXX_LANGUAGE_STANDARD = "gnu++14";
				CLANG_CXX_LIBRARY = "libc++";
				CLANG_ENABLE_MODULES = YES;
				CLANG_ENABLE_OBJC_ARC = YES;
				CLANG_ENABLE_OBJC_WEAK = YES;
				CLANG_WARN_BLOCK_CAPTURE_AUTORELEASING = YES;
				CLANG_WARN_BOOL_CONVERSION = YES;
				CLANG_WARN_COMMA = YES;
				CLANG_WARN_CONSTANT_CONVERSION = YES;
				CLANG_WARN_DEPRECATED_OBJC_IMPLEMENTATIONS = YES;
				CLANG_WARN_DIRECT_OBJC_ISA_USAGE = YES_ERROR;
				CLANG_WARN_DOCUMENTATION_COMMENTS = YES;
				CLANG_WARN_EMPTY_BODY = YES;
				CLANG_WARN_ENUM_CONVERSION = YES;
				CLANG_WARN_INFINITE_RECURSION = YES;
				CLANG_WARN_INT_CONVERSION = YES;
				CLANG_WARN_NON_LITERAL_NULL_CONVERSION = YES;
				CLANG_WARN_OBJC_IMPLICIT_RETAIN_SELF = YES;
				CLANG_WARN_OBJC_LITERAL_CONVERSION = YES;
				CLANG_WARN_OBJC_ROOT_CLASS = YES_ERROR;
				CLANG_WARN_QUOTED_INCLUDE_IN_FRAMEWORK_HEADER = YES;
				CLANG_WARN_RANGE_LOOP_ANALYSIS = YES;
				CLANG_WARN_STRICT_PROTOTYPES = YES;
				CLANG_WARN_SUSPICIOUS_MOVE = YES;
				CLANG_WARN_UNGUARDED_AVAILABILITY = YES_AGGRESSIVE;
				CLANG_WARN_UNREACHABLE_CODE = YES;
				CLANG_WARN__DUPLICATE_METHOD_MATCH = YES;
				COPY_PHASE_STRIP = NO;
				DEBUG_INFORMATION_FORMAT = "dwarf-with-dsym";
				ENABLE_NS_ASSERTIONS = NO;
				ENABLE_STRICT_OBJC_MSGSEND = YES;
				GCC_C_LANGUAGE_STANDARD = gnu11;
				GCC_NO_COMMON_BLOCKS = YES;
				GCC_WARN_64_TO_32_BIT_CONVERSION = YES;
				GCC_WARN_ABOUT_RETURN_TYPE = YES_ERROR;
				GCC_WARN_UNDECLARED_SELECTOR = YES;
				GCC_WARN_UNINITIALIZED_AUTOS = YES_AGGRESSIVE;
				GCC_WARN_UNUSED_FUNCTION = YES;
				GCC_WARN_UNUSED_VARIABLE = YES;
				GENERATE_INFOPLIST_FILE = YES;
				MACOSX_DEPLOYMENT_TARGET = 14.0;
				MTL_ENABLE_DEBUG_INFO = NO;
				MTL_FAST_MATH = YES;
				PRODUCT_NAME = "$(TARGET_NAME)";
				SDKROOT = macosx;
				SWIFT_COMPILATION_MODE = wholemodule;
				SWIFT_OPTIMIZATION_LEVEL = "-O";
				SWIFT_VERSION = 6.0;
			};
			name = Release;
		};
		68CDB5E80F1C3F49691240FE /* Debug */ = {
			isa = XCBuildConfiguration;
			buildSettings = {
				ASSETCATALOG_COMPILER_APPICON_NAME = AppIcon;
				CODE_SIGN_ALLOW_ENTITLEMENTS_MODIFICATION = YES;
				CODE_SIGN_ENTITLEMENTS = Resources/QDI_Gemstone_ERP_v2.entitlements;
				COMBINE_HIDPI_IMAGES = YES;
				INFOPLIST_KEY_CFBundleDisplayName = "QDI Gemstone ERP";
				INFOPLIST_KEY_LSApplicationCategoryType = "public.app-category.business";
				LD_RUNPATH_SEARCH_PATHS = (
					"$(inherited)",
					"@executable_path/../Frameworks",
				);
				PRODUCT_BUNDLE_IDENTIFIER = com.qdi.gemapp.v2;
				PRODUCT_NAME = "QDI Gemstone ERP v2";
				SDKROOT = macosx;
				SWIFT_STRICT_CONCURRENCY = complete;
			};
			name = Debug;
		};
		717492DFE092EEEAEF2DBD59 /* Release */ = {
			isa = XCBuildConfiguration;
			buildSettings = {
				ASSETCATALOG_COMPILER_APPICON_NAME = AppIcon;
				CODE_SIGN_ALLOW_ENTITLEMENTS_MODIFICATION = YES;
				CODE_SIGN_ENTITLEMENTS = Resources/QDI_Gemstone_ERP_v2.entitlements;
				COMBINE_HIDPI_IMAGES = YES;
				INFOPLIST_KEY_CFBundleDisplayName = "QDI Gemstone ERP";
				INFOPLIST_KEY_LSApplicationCategoryType = "public.app-category.business";
				LD_RUNPATH_SEARCH_PATHS = (
					"$(inherited)",
					"@executable_path/../Frameworks",
				);
				PRODUCT_BUNDLE_IDENTIFIER = com.qdi.gemapp.v2;
				PRODUCT_NAME = "QDI Gemstone ERP v2";
				SDKROOT = macosx;
				SWIFT_STRICT_CONCURRENCY = complete;
			};
			name = Release;
		};
		C686F259CFA20AA4A37DD2C2 /* Debug */ = {
			isa = XCBuildConfiguration;
			buildSettings = {
				ALWAYS_SEARCH_USER_PATHS = NO;
				CLANG_ANALYZER_NONNULL = YES;
				CLANG_ANALYZER_NUMBER_OBJECT_CONVERSION = YES_AGGRESSIVE;
				CLANG_CXX_LANGUAGE_STANDARD = "gnu++14";
				CLANG_CXX_LIBRARY = "libc++";
				CLANG_ENABLE_MODULES = YES;
				CLANG_ENABLE_OBJC_ARC = YES;
				CLANG_ENABLE_OBJC_WEAK = YES;
				CLANG_WARN_BLOCK_CAPTURE_AUTORELEASING = YES;
				CLANG_WARN_BOOL_CONVERSION = YES;
				CLANG_WARN_COMMA = YES;
				CLANG_WARN_CONSTANT_CONVERSION = YES;
				CLANG_WARN_DEPRECATED_OBJC_IMPLEMENTATIONS = YES;
				CLANG_WARN_DIRECT_OBJC_ISA_USAGE = YES_ERROR;
				CLANG_WARN_DOCUMENTATION_COMMENTS = YES;
				CLANG_WARN_EMPTY_BODY = YES;
				CLANG_WARN_ENUM_CONVERSION = YES;
				CLANG_WARN_INFINITE_RECURSION = YES;
				CLANG_WARN_INT_CONVERSION = YES;
				CLANG_WARN_NON_LITERAL_NULL_CONVERSION = YES;
				CLANG_WARN_OBJC_IMPLICIT_RETAIN_SELF = YES;
				CLANG_WARN_OBJC_LITERAL_CONVERSION = YES;
				CLANG_WARN_OBJC_ROOT_CLASS = YES_ERROR;
				CLANG_WARN_QUOTED_INCLUDE_IN_FRAMEWORK_HEADER = YES;
				CLANG_WARN_RANGE_LOOP_ANALYSIS = YES;
				CLANG_WARN_STRICT_PROTOTYPES = YES;
				CLANG_WARN_SUSPICIOUS_MOVE = YES;
				CLANG_WARN_UNGUARDED_AVAILABILITY = YES_AGGRESSIVE;
				CLANG_WARN_UNREACHABLE_CODE = YES;
				CLANG_WARN__DUPLICATE_METHOD_MATCH = YES;
				COPY_PHASE_STRIP = NO;
				DEBUG_INFORMATION_FORMAT = dwarf;
				ENABLE_STRICT_OBJC_MSGSEND = YES;
				ENABLE_TESTABILITY = YES;
				GCC_C_LANGUAGE_STANDARD = gnu11;
				GCC_DYNAMIC_NO_PIC = NO;
				GCC_NO_COMMON_BLOCKS = YES;
				GCC_OPTIMIZATION_LEVEL = 0;
				GCC_PREPROCESSOR_DEFINITIONS = (
					"$(inherited)",
					"DEBUG=1",
				);
				GCC_WARN_64_TO_32_BIT_CONVERSION = YES;
				GCC_WARN_ABOUT_RETURN_TYPE = YES_ERROR;
				GCC_WARN_UNDECLARED_SELECTOR = YES;
				GCC_WARN_UNINITIALIZED_AUTOS = YES_AGGRESSIVE;
				GCC_WARN_UNUSED_FUNCTION = YES;
				GCC_WARN_UNUSED_VARIABLE = YES;
				GENERATE_INFOPLIST_FILE = YES;
				MACOSX_DEPLOYMENT_TARGET = 14.0;
				MTL_ENABLE_DEBUG_INFO = INCLUDE_SOURCE;
				MTL_FAST_MATH = YES;
				ONLY_ACTIVE_ARCH = YES;
				PRODUCT_NAME = "$(TARGET_NAME)";
				SDKROOT = macosx;
				SWIFT_ACTIVE_COMPILATION_CONDITIONS = DEBUG;
				SWIFT_OPTIMIZATION_LEVEL = "-Onone";
				SWIFT_VERSION = 6.0;
			};
			name = Debug;
		};
/* End XCBuildConfiguration section */

/* Begin XCConfigurationList section */
		145BF0206D40E2FC570F81E2 /* Build configuration list for PBXProject "QDI_Gemstone_ERP_v2" */ = {
			isa = XCConfigurationList;
			buildConfigurations = (
				C686F259CFA20AA4A37DD2C2 /* Debug */,
				5D0F26EED65C10C156F42229 /* Release */,
			);
			defaultConfigurationIsVisible = 0;
			defaultConfigurationName = Debug;
		};
		4DDB354DF5868F6D68A75166 /* Build configuration list for PBXNativeTarget "QDI_Gemstone_ERP_v2" */ = {
			isa = XCConfigurationList;
			buildConfigurations = (
				68CDB5E80F1C3F49691240FE /* Debug */,
				717492DFE092EEEAEF2DBD59 /* Release */,
			);
			defaultConfigurationIsVisible = 0;
			defaultConfigurationName = Debug;
		};
/* End XCConfigurationList section */

/* Begin XCRemoteSwiftPackageReference section */
		1F15277C4EF30C7C6E3F1E0D /* XCRemoteSwiftPackageReference "ORSSerialPort" */ = {
			isa = XCRemoteSwiftPackageReference;
			repositoryURL = "https://github.com/armadsen/ORSSerialPort";
			requirement = {
				kind = upToNextMajorVersion;
				minimumVersion = 2.1.0;
			};
		};
/* End XCRemoteSwiftPackageReference section */

/* Begin XCSwiftPackageProductDependency section */
		DB07F8E31C04219DAA692E41 /* ORSSerial */ = {
			isa = XCSwiftPackageProductDependency;
			package = 1F15277C4EF30C7C6E3F1E0D /* XCRemoteSwiftPackageReference "ORSSerialPort" */;
			productName = ORSSerial;
		};
/* End XCSwiftPackageProductDependency section */
	};
	rootObject = BB226BD8C12F12E88BE6FF0E /* Project object */;
}
